PODS:
  - AEXML (4.3.3)
  - Alamofire (5.6.1)
  - Connectivity (5.0.0)
  - FolioReaderKit (1.4.0):
    - AEXML (= 4.3.3)
    - FontBlaster (= 4.1.0)
    - MenuItemKit (= 3.1.3)
    - RealmSwift (= 3.17.3)
    - SSZipArchive (= 2.1.1)
    - ZFDragableModalTransition (= 0.6)
  - FontBlaster (4.1.0)
  - Kingfisher (7.0.0)
  - MenuItemKit (3.1.3)
  - Realm (3.17.3):
    - Realm/Headers (= 3.17.3)
  - Realm/Headers (3.17.3)
  - RealmSwift (3.17.3):
    - Realm (= 3.17.3)
  - RxBlocking (6.5.0):
    - RxSwift (= 6.5.0)
  - RxCocoa (6.5.0):
    - RxRelay (= 6.5.0)
    - RxSwift (= 6.5.0)
  - RxRelay (6.5.0):
    - RxSwift (= 6.5.0)
  - RxSwift (6.5.0)
  - RxTest (6.5.0):
    - RxSwift (= 6.5.0)
  - ScrollableSegmentedControl (1.5.0)
  - SDWebImage (5.13.0):
    - SDWebImage/Core (= 5.13.0)
  - SDWebImage/Core (5.13.0)
  - SnapKit (5.6.0)
  - SSZipArchive (2.1.1)
  - SwiftyJSON (4.0.0)
  - Whisper (6.1.0)
  - ZFDragableModalTransition (0.6)

DEPENDENCIES:
  - Alamofire
  - Connectivity
  - FolioReaderKit (from `../`)
  - Kingfisher (= 7.0)
  - RxBlocking (= 6.5.0)
  - RxCocoa (= 6.5.0)
  - RxSwift (= 6.5.0)
  - RxTest (= 6.5.0)
  - ScrollableSegmentedControl (= 1.5.0)
  - SDWebImage
  - SnapKit (= 5.6.0)
  - SwiftyJSON (= 4.0)
  - Whisper

SPEC REPOS:
  trunk:
    - AEXML
    - Alamofire
    - Connectivity
    - FontBlaster
    - Kingfisher
    - MenuItemKit
    - Realm
    - RealmSwift
    - RxBlocking
    - RxCocoa
    - RxRelay
    - RxSwift
    - RxTest
    - ScrollableSegmentedControl
    - SDWebImage
    - SnapKit
    - SSZipArchive
    - SwiftyJSON
    - Whisper
    - ZFDragableModalTransition

EXTERNAL SOURCES:
  FolioReaderKit:
    :path: "../"

SPEC CHECKSUMS:
  AEXML: 601f41fcaa7bda7605cad153b0f43db9ec006c0f
  Alamofire: 87bd8c952f9a4454320fce00d9cc3de57bcadaf5
  Connectivity: e990703fb8d8db54649ea05facac92000cc0f3eb
  FolioReaderKit: 6b5daca560b3dd6905ab14870f4823d7e1f283de
  FontBlaster: 127aa66419478d1c62926c7fdb39841633344a45
  Kingfisher: 5efc54fec3980f92354898532e562cc17f31efb4
  MenuItemKit: 0f850e630b0a3d2bd80fec54db87ce0d2077ada2
  Realm: 5a1d9d47bfc101dd597668b1a8af4288a2557f6d
  RealmSwift: b7fdc2d18616621c31df5c7a398a45a2163f8eb0
  RxBlocking: 04b5fd28bb5ea49f7d64b80db8bbfe50d9cc1c7d
  RxCocoa: 94f817b71c07517321eb4f9ad299112ca8af743b
  RxRelay: 1de1523e604c72b6c68feadedd1af3b1b4d0ecbd
  RxSwift: 5710a9e6b17f3c3d6e40d6e559b9fa1e813b2ef8
  RxTest: eb2d23adefc5a5ebf5779c7792fa3edfe6ebcc17
  ScrollableSegmentedControl: 2e64bbe8968a7fcd8aae5014434481464fcdfe60
  SDWebImage: 0327043dbb9533e75f2eff8445b3df0f2ceca6ac
  SnapKit: e01d52ebb8ddbc333eefe2132acf85c8227d9c25
  SSZipArchive: 14401ade5f8e82aba1ff03e9f88e9de60937ae60
  SwiftyJSON: 070dabdcb1beb81b247c65ffa3a79dbbfb3b48aa
  Whisper: 6869ae85284ae2ba0aa4c7d8a826be6436409fed
  ZFDragableModalTransition: 0d294eaaba6edfcb9839595de765f9ca06a4b524

PODFILE CHECKSUM: 981cb6fe11875c19120f64c7a4cfc52f4dead359

COCOAPODS: 1.11.3
