// !$*UTF8*$!
{
	archiveVersion = 1;
	classes = {
	};
	objectVersion = 54;
	objects = {

/* Begin PBXBuildFile section */
		03BA89AB5296E4166A9421D7 /* Pods_EpubReader_EpubReaderUITests.framework in Frameworks */ = {isa = PBXBuildFile; fileRef = 825FF13148BA9567D64A4177 /* Pods_EpubReader_EpubReaderUITests.framework */; };
		0401C1F528BE7463008A686B /* AudioViewModel.swift in Sources */ = {isa = PBXBuildFile; fileRef = 0401C1F428BE7463008A686B /* AudioViewModel.swift */; };
		040509052916186600A956C7 /* disable_ads.html in Resources */ = {isa = PBXBuildFile; fileRef = 040509042916186600A956C7 /* disable_ads.html */; };
		04054ABE289FB386006E71BA /* UIImage.swift in Sources */ = {isa = PBXBuildFile; fileRef = 04054ABD289FB386006E71BA /* UIImage.swift */; };
		04118AE328C905EF00BE4446 /* PersistenceHelper.swift in Sources */ = {isa = PBXBuildFile; fileRef = 04118AE228C905EF00BE4446 /* PersistenceHelper.swift */; };
		041457A5291951D0008CD627 /* ScrollUISegmentController.swift in Sources */ = {isa = PBXBuildFile; fileRef = 041457A4291951D0008CD627 /* ScrollUISegmentController.swift */; };
		041457A729195216008CD627 /* SegmentedControl.swift in Sources */ = {isa = PBXBuildFile; fileRef = 041457A629195216008CD627 /* SegmentedControl.swift */; };
		041457A929195653008CD627 /* Utils.swift in Sources */ = {isa = PBXBuildFile; fileRef = 041457A829195653008CD627 /* Utils.swift */; };
		04182A66288BBB8100894854 /* LiteraryViewController.swift in Sources */ = {isa = PBXBuildFile; fileRef = 04182A65288BBB8100894854 /* LiteraryViewController.swift */; };
		04196D7028A2BD3B008FA2FC /* video_pause.png in Resources */ = {isa = PBXBuildFile; fileRef = 04196D6E28A2BD3A008FA2FC /* video_pause.png */; };
		04196D7128A2BD3B008FA2FC /* audio_play.png in Resources */ = {isa = PBXBuildFile; fileRef = 04196D6F28A2BD3A008FA2FC /* audio_play.png */; };
		04196D7428A2BDC8008FA2FC /* FullScreenAudioPlayerViewController.swift in Sources */ = {isa = PBXBuildFile; fileRef = 04196D7328A2BDC8008FA2FC /* FullScreenAudioPlayerViewController.swift */; };
		04196D7828A2C010008FA2FC /* forward_new_icon.png in Resources */ = {isa = PBXBuildFile; fileRef = 04196D7528A2C010008FA2FC /* forward_new_icon.png */; };
		04196D7928A2C010008FA2FC /* audio_scrubber_dot.png in Resources */ = {isa = PBXBuildFile; fileRef = 04196D7628A2C010008FA2FC /* audio_scrubber_dot.png */; };
		04196D7A28A2C010008FA2FC /* backward_new_icon.png in Resources */ = {isa = PBXBuildFile; fileRef = 04196D7728A2C010008FA2FC /* backward_new_icon.png */; };
		041F9B8F28B11FAC00FB4DEA /* IntExtensions.swift in Sources */ = {isa = PBXBuildFile; fileRef = 041F9B8E28B11FAC00FB4DEA /* IntExtensions.swift */; };
		041F9B9128B13C6C00FB4DEA /* PlayerViewController.swift in Sources */ = {isa = PBXBuildFile; fileRef = 041F9B9028B13C6C00FB4DEA /* PlayerViewController.swift */; };
		041F9B9328B13CEC00FB4DEA /* MIniAudioPlayerView.swift in Sources */ = {isa = PBXBuildFile; fileRef = 041F9B9228B13CEC00FB4DEA /* MIniAudioPlayerView.swift */; };
		041F9B9528B140D500FB4DEA /* play_filled.png in Resources */ = {isa = PBXBuildFile; fileRef = 041F9B9428B140D500FB4DEA /* play_filled.png */; };
		041F9B9828B141C000FB4DEA /* fastforward_15_seconds.png in Resources */ = {isa = PBXBuildFile; fileRef = 041F9B9628B141C000FB4DEA /* fastforward_15_seconds.png */; };
		041F9B9928B141C000FB4DEA /* rewind_15_seconds.png in Resources */ = {isa = PBXBuildFile; fileRef = 041F9B9728B141C000FB4DEA /* rewind_15_seconds.png */; };
		0423B1B528E1FF7E00750A8E /* BookTableViewCell.swift in Sources */ = {isa = PBXBuildFile; fileRef = 0423B1B428E1FF7E00750A8E /* BookTableViewCell.swift */; };
		0427875429292F330071AEB5 /* UserDefs.swift in Sources */ = {isa = PBXBuildFile; fileRef = 0427875329292F330071AEB5 /* UserDefs.swift */; };
		042C6007293E05DB00945B18 /* ic_more.png in Resources */ = {isa = PBXBuildFile; fileRef = 042C6006293E05DB00945B18 /* ic_more.png */; };
		043DFB1428BB38A4003CD6C0 /* fi_download.png in Resources */ = {isa = PBXBuildFile; fileRef = 043DFB1328BB38A4003CD6C0 /* fi_download.png */; };
		043DFB1628BB3905003CD6C0 /* download-icon.png in Resources */ = {isa = PBXBuildFile; fileRef = 043DFB1528BB3905003CD6C0 /* download-icon.png */; };
		043DFB1828BB75C6003CD6C0 /* Reachability.swift in Sources */ = {isa = PBXBuildFile; fileRef = 043DFB1728BB75C6003CD6C0 /* Reachability.swift */; };
		043DFB1A28BB77B7003CD6C0 /* Message.swift in Sources */ = {isa = PBXBuildFile; fileRef = 043DFB1928BB77B7003CD6C0 /* Message.swift */; };
		04490EB228D61BD8004820CD /* UIFont.swift in Sources */ = {isa = PBXBuildFile; fileRef = 04490EB128D61BD8004820CD /* UIFont.swift */; };
		0455AC6F28A903C600E41D28 /* sound_decrease.png in Resources */ = {isa = PBXBuildFile; fileRef = 0455AC6D28A903C600E41D28 /* sound_decrease.png */; };
		0455AC7028A903C600E41D28 /* sound_increase.png in Resources */ = {isa = PBXBuildFile; fileRef = 0455AC6E28A903C600E41D28 /* sound_increase.png */; };
		045C43E528C7ABDB000A83E4 /* DatabaseHelper.swift in Sources */ = {isa = PBXBuildFile; fileRef = 045C43E428C7ABDB000A83E4 /* DatabaseHelper.swift */; };
		045C43E828C7ACF7000A83E4 /* RlmDownloadedAudioPath.swift in Sources */ = {isa = PBXBuildFile; fileRef = 045C43E728C7ACF7000A83E4 /* RlmDownloadedAudioPath.swift */; };
		0464017828AC0B3E00CCAD3F /* AudioPlayer.swift in Sources */ = {isa = PBXBuildFile; fileRef = 0464017728AC0B3E00CCAD3F /* AudioPlayer.swift */; };
		0464017A28AC0C7D00CCAD3F /* Audio.swift in Sources */ = {isa = PBXBuildFile; fileRef = 0464017928AC0C7D00CCAD3F /* Audio.swift */; };
		04640E9C29156F3B001FA655 /* about_us.html in Resources */ = {isa = PBXBuildFile; fileRef = 04640E9B29156F3B001FA655 /* about_us.html */; };
		0464618528D7075200563427 /* SignInViewController.swift in Sources */ = {isa = PBXBuildFile; fileRef = 0464618428D7075200563427 /* SignInViewController.swift */; };
		046C0EB428A8AE44009849B5 /* UIApplicationExtension.swift in Sources */ = {isa = PBXBuildFile; fileRef = 046C0EB328A8AE44009849B5 /* UIApplicationExtension.swift */; };
		046C0EB628A8BAE1009849B5 /* ebook_example.jpeg in Resources */ = {isa = PBXBuildFile; fileRef = 046C0EB528A8BAE1009849B5 /* ebook_example.jpeg */; };
		0471FA8028B3D529009656E7 /* UIScreenExtensions.swift in Sources */ = {isa = PBXBuildFile; fileRef = 0471FA7F28B3D529009656E7 /* UIScreenExtensions.swift */; };
		0473513A29461BA2004B9A33 /* BookDownloadsViewController.swift in Sources */ = {isa = PBXBuildFile; fileRef = 0473513929461BA2004B9A33 /* BookDownloadsViewController.swift */; };
		0473513C29463727004B9A33 /* AudioDownloadsViewController.swift in Sources */ = {isa = PBXBuildFile; fileRef = 0473513B29463727004B9A33 /* AudioDownloadsViewController.swift */; };
		04785B7328E6E456009CD72C /* UserViewModel.swift in Sources */ = {isa = PBXBuildFile; fileRef = 04785B7228E6E456009CD72C /* UserViewModel.swift */; };
		04856C1728E6050C00426B6C /* User.swift in Sources */ = {isa = PBXBuildFile; fileRef = 04856C1628E6050C00426B6C /* User.swift */; };
		048FDBB128CC9A770080509B /* CultureHistoryViewController.swift in Sources */ = {isa = PBXBuildFile; fileRef = 048FDBB028CC9A770080509B /* CultureHistoryViewController.swift */; };
		048FDBB328CC9AB70080509B /* ScienceTechnologyViewController.swift in Sources */ = {isa = PBXBuildFile; fileRef = 048FDBB228CC9AB70080509B /* ScienceTechnologyViewController.swift */; };
		048FDBB528CC9AE20080509B /* HealthViewController.swift in Sources */ = {isa = PBXBuildFile; fileRef = 048FDBB428CC9AE20080509B /* HealthViewController.swift */; };
		049F879829166F6D008D4456 /* ic_profile.png in Resources */ = {isa = PBXBuildFile; fileRef = 049F879729166F6D008D4456 /* ic_profile.png */; };
		049F879A2916B875008D4456 /* ic_next.png in Resources */ = {isa = PBXBuildFile; fileRef = 049F87992916B875008D4456 /* ic_next.png */; };
		04A081122871525200FFAFBF /* demo-bg.jpeg in Resources */ = {isa = PBXBuildFile; fileRef = 04A081112871525200FFAFBF /* demo-bg.jpeg */; };
		04B21A3F2941EA3300499FF9 /* BannerHelper.swift in Sources */ = {isa = PBXBuildFile; fileRef = 04B21A3E2941EA3300499FF9 /* BannerHelper.swift */; };
		04B21A412941EADE00499FF9 /* Banner.swift in Sources */ = {isa = PBXBuildFile; fileRef = 04B21A402941EADE00499FF9 /* Banner.swift */; };
		04B21E9728BA773200758B03 /* template_stop_square.png in Resources */ = {isa = PBXBuildFile; fileRef = 04B21E9328BA773200758B03 /* template_stop_square.png */; };
		04B21E9828BA773200758B03 /* template_stop_download.png in Resources */ = {isa = PBXBuildFile; fileRef = 04B21E9428BA773200758B03 /* template_stop_download.png */; };
		04B21E9928BA773200758B03 /* download_remove.png in Resources */ = {isa = PBXBuildFile; fileRef = 04B21E9528BA773200758B03 /* download_remove.png */; };
		04B21E9A28BA773200758B03 /* download.png in Resources */ = {isa = PBXBuildFile; fileRef = 04B21E9628BA773200758B03 /* download.png */; };
		04B21E9C28BA78F700758B03 /* ProgressBarView.swift in Sources */ = {isa = PBXBuildFile; fileRef = 04B21E9B28BA78F700758B03 /* ProgressBarView.swift */; };
		04B21E9E28BA7BC300758B03 /* trash.png in Resources */ = {isa = PBXBuildFile; fileRef = 04B21E9D28BA7BC300758B03 /* trash.png */; };
		04B360E728B68431005ADBA1 /* close_button.png in Resources */ = {isa = PBXBuildFile; fileRef = 04B360E628B68431005ADBA1 /* close_button.png */; };
		04B360E928B68CF1005ADBA1 /* video_play.png in Resources */ = {isa = PBXBuildFile; fileRef = 04B360E828B68CF1005ADBA1 /* video_play.png */; };
		04BC25AD2870B018007ECAEE /* chevron_down.png in Resources */ = {isa = PBXBuildFile; fileRef = 04BC25AC2870B018007ECAEE /* chevron_down.png */; };
		04C79DA528E08EF000593DFD /* SideMenuViewController.swift in Sources */ = {isa = PBXBuildFile; fileRef = 04C79DA428E08EF000593DFD /* SideMenuViewController.swift */; };
		04C79DA928E0A24400593DFD /* MenuTableViewCell.swift in Sources */ = {isa = PBXBuildFile; fileRef = 04C79DA828E0A24400593DFD /* MenuTableViewCell.swift */; };
		04C79DAB28E0C4FA00593DFD /* ProfileViewController.swift in Sources */ = {isa = PBXBuildFile; fileRef = 04C79DAA28E0C4FA00593DFD /* ProfileViewController.swift */; };
		04C79DAD28E0C58400593DFD /* AboutViewController.swift in Sources */ = {isa = PBXBuildFile; fileRef = 04C79DAC28E0C58400593DFD /* AboutViewController.swift */; };
		04C79DAF28E0C6D600593DFD /* DisableAdsViewController.swift in Sources */ = {isa = PBXBuildFile; fileRef = 04C79DAE28E0C6D600593DFD /* DisableAdsViewController.swift */; };
		04C9F889287053C3000991C0 /* Epub.swift in Sources */ = {isa = PBXBuildFile; fileRef = 04C9F888287053C3000991C0 /* Epub.swift */; };
		04CC80CF288DA68800D53C0C /* ItemDownloadHelper.swift in Sources */ = {isa = PBXBuildFile; fileRef = 04CC80CE288DA68800D53C0C /* ItemDownloadHelper.swift */; };
		04CC80D1288DA96500D53C0C /* FileHelper.swift in Sources */ = {isa = PBXBuildFile; fileRef = 04CC80D0288DA96500D53C0C /* FileHelper.swift */; };
		04CC80D3288DAB4700D53C0C /* FileDownloadInfo.swift in Sources */ = {isa = PBXBuildFile; fileRef = 04CC80D2288DAB4700D53C0C /* FileDownloadInfo.swift */; };
		04CC80D5288DABA200D53C0C /* NetworkManager.swift in Sources */ = {isa = PBXBuildFile; fileRef = 04CC80D4288DABA200D53C0C /* NetworkManager.swift */; };
		04DDDCFF293C67970060E639 /* ReadingBook.swift in Sources */ = {isa = PBXBuildFile; fileRef = 04DDDCFE293C67970060E639 /* ReadingBook.swift */; };
		04ECD18A28B7D2D700DAA295 /* AudioResourceCell.swift in Sources */ = {isa = PBXBuildFile; fileRef = 04ECD18928B7D2D700DAA295 /* AudioResourceCell.swift */; };
		04ECD18E28B7DA5800DAA295 /* fi_heart.png in Resources */ = {isa = PBXBuildFile; fileRef = 04ECD18B28B7DA5800DAA295 /* fi_heart.png */; };
		04ECD18F28B7DA5800DAA295 /* headphones.png in Resources */ = {isa = PBXBuildFile; fileRef = 04ECD18C28B7DA5800DAA295 /* headphones.png */; };
		04ECD19028B7DA5800DAA295 /* fi_heart_fill.png in Resources */ = {isa = PBXBuildFile; fileRef = 04ECD18D28B7DA5800DAA295 /* fi_heart_fill.png */; };
		04ECD19228B7E1AC00DAA295 /* AudioViewController.swift in Sources */ = {isa = PBXBuildFile; fileRef = 04ECD19128B7E1AC00DAA295 /* AudioViewController.swift */; };
		04F3647B2928E09700EAF994 /* MusicPlayerHelper.swift in Sources */ = {isa = PBXBuildFile; fileRef = 04F3647A2928E09700EAF994 /* MusicPlayerHelper.swift */; };
		04FA55DD286C651D00724CF9 /* BookDetailViewController.swift in Sources */ = {isa = PBXBuildFile; fileRef = 04FA55DC286C651D00724CF9 /* BookDetailViewController.swift */; };
		04FA55DF286CB0E900724CF9 /* UIButtonExtension.swift in Sources */ = {isa = PBXBuildFile; fileRef = 04FA55DE286CB0E900724CF9 /* UIButtonExtension.swift */; };
		8BC8BF17FD90027C3027604C /* Pods_EpubReaderTests.framework in Frameworks */ = {isa = PBXBuildFile; fileRef = 83E9F9CB594D13B99F40DF3F /* Pods_EpubReaderTests.framework */; };
		F9C95FC5E61ACB6A086C6BDB /* Pods_EpubReader.framework in Frameworks */ = {isa = PBXBuildFile; fileRef = 85A9056E2DA1F8A06AD0FB5E /* Pods_EpubReader.framework */; };
		FA2F846A283BE64100DF928B /* HomeViewController.swift in Sources */ = {isa = PBXBuildFile; fileRef = FA2F8469283BE64100DF928B /* HomeViewController.swift */; };
		FA2F846D283BE6D200DF928B /* SearchViewController.swift in Sources */ = {isa = PBXBuildFile; fileRef = FA2F846C283BE6D200DF928B /* SearchViewController.swift */; };
		FA2F8470283BE71700DF928B /* MainTabBarViewController.swift in Sources */ = {isa = PBXBuildFile; fileRef = FA2F846F283BE71700DF928B /* MainTabBarViewController.swift */; };
		FA349DE6284B6490005047DC /* SkillsViewController.swift in Sources */ = {isa = PBXBuildFile; fileRef = FA349DE5284B6490005047DC /* SkillsViewController.swift */; };
		FA349DE8284B6503005047DC /* EconomicsViewController.swift in Sources */ = {isa = PBXBuildFile; fileRef = FA349DE7284B6503005047DC /* EconomicsViewController.swift */; };
		FA3D8E9E283BD6F8004C186E /* AppDelegate.swift in Sources */ = {isa = PBXBuildFile; fileRef = FA3D8E9D283BD6F8004C186E /* AppDelegate.swift */; };
		FA3D8EA7283BD6FA004C186E /* Assets.xcassets in Resources */ = {isa = PBXBuildFile; fileRef = FA3D8EA6283BD6FA004C186E /* Assets.xcassets */; };
		FA3D8EAA283BD6FA004C186E /* LaunchScreen.storyboard in Resources */ = {isa = PBXBuildFile; fileRef = FA3D8EA8283BD6FA004C186E /* LaunchScreen.storyboard */; };
		FA3D8EB5283BD6FA004C186E /* EpubReaderTests.swift in Sources */ = {isa = PBXBuildFile; fileRef = FA3D8EB4283BD6FA004C186E /* EpubReaderTests.swift */; };
		FA3D8EBF283BD6FA004C186E /* EpubReaderUITests.swift in Sources */ = {isa = PBXBuildFile; fileRef = FA3D8EBE283BD6FA004C186E /* EpubReaderUITests.swift */; };
		FA3D8EC1283BD6FA004C186E /* EpubReaderUITestsLaunchTests.swift in Sources */ = {isa = PBXBuildFile; fileRef = FA3D8EC0283BD6FA004C186E /* EpubReaderUITestsLaunchTests.swift */; };
		FA951F42283BEBFA00013A84 /* FavoritesViewController.swift in Sources */ = {isa = PBXBuildFile; fileRef = FA951F41283BEBFA00013A84 /* FavoritesViewController.swift */; };
		FA951F44283BEC3000013A84 /* BookmarkViewController.swift in Sources */ = {isa = PBXBuildFile; fileRef = FA951F43283BEC3000013A84 /* BookmarkViewController.swift */; };
		FA9D0C3C28637B7800E667AD /* Constants.swift in Sources */ = {isa = PBXBuildFile; fileRef = FA9D0C3B28637B7800E667AD /* Constants.swift */; };
		FA9D0C3E28637D6300E667AD /* ApiError.swift in Sources */ = {isa = PBXBuildFile; fileRef = FA9D0C3D28637D6300E667AD /* ApiError.swift */; };
		FA9D0C4028637D9900E667AD /* ApiRouter.swift in Sources */ = {isa = PBXBuildFile; fileRef = FA9D0C3F28637D9900E667AD /* ApiRouter.swift */; };
		FAB7F4B6284CC90800A16974 /* UIDeviceExtensions.swift in Sources */ = {isa = PBXBuildFile; fileRef = FAB7F4B5284CC90800A16974 /* UIDeviceExtensions.swift */; };
		FAB7F4B9284CD43800A16974 /* Book.swift in Sources */ = {isa = PBXBuildFile; fileRef = FAB7F4B8284CD43800A16974 /* Book.swift */; };
		FAB7F4BD284CD7CB00A16974 /* BookViewModel.swift in Sources */ = {isa = PBXBuildFile; fileRef = FAB7F4BC284CD7CB00A16974 /* BookViewModel.swift */; };
		FAC01C23284FB9CB0004A0BA /* ApiWebService.swift in Sources */ = {isa = PBXBuildFile; fileRef = FAC01C22284FB9CB0004A0BA /* ApiWebService.swift */; };
		FAC51FC8283FC5810016889F /* AppAppearanceDesigner.swift in Sources */ = {isa = PBXBuildFile; fileRef = FAC51FC7283FC5800016889F /* AppAppearanceDesigner.swift */; };
		FAC51FCA283FC97B0016889F /* UIColorExtensions.swift in Sources */ = {isa = PBXBuildFile; fileRef = FAC51FC9283FC97B0016889F /* UIColorExtensions.swift */; };
		FAC51FCC283FCE590016889F /* BaseViewController.swift in Sources */ = {isa = PBXBuildFile; fileRef = FAC51FCB283FCE590016889F /* BaseViewController.swift */; };
		FAC6549C283D29810086CC9D /* bookmark.png in Resources */ = {isa = PBXBuildFile; fileRef = FAC6549B283D29810086CC9D /* bookmark.png */; };
		FAC6549E283D29860086CC9D /* favorite.png in Resources */ = {isa = PBXBuildFile; fileRef = FAC6549D283D29860086CC9D /* favorite.png */; };
		FAC654A0283D298B0086CC9D /* home.png in Resources */ = {isa = PBXBuildFile; fileRef = FAC6549F283D298B0086CC9D /* home.png */; };
		FAC654A2283D29900086CC9D /* search.png in Resources */ = {isa = PBXBuildFile; fileRef = FAC654A1283D29900086CC9D /* search.png */; };
		FAC654A5283D2F490086CC9D /* menu.png in Resources */ = {isa = PBXBuildFile; fileRef = FAC654A4283D2F490086CC9D /* menu.png */; };
		FAC654A7283D2F770086CC9D /* notification.png in Resources */ = {isa = PBXBuildFile; fileRef = FAC654A6283D2F770086CC9D /* notification.png */; };
		FAC654A9283D31D60086CC9D /* UIViewExtensions.swift in Sources */ = {isa = PBXBuildFile; fileRef = FAC654A8283D31D60086CC9D /* UIViewExtensions.swift */; };
		FAD7401B284BCAB0005B9459 /* BookCell.swift in Sources */ = {isa = PBXBuildFile; fileRef = FAD7401A284BCAB0005B9459 /* BookCell.swift */; };
		FADA96B52868BCBB0075627C /* EpubReaderHelper.swift in Sources */ = {isa = PBXBuildFile; fileRef = FADA96B42868BCBB0075627C /* EpubReaderHelper.swift */; };
		FADA96B72868C4870075627C /* UIImageExtension.swift in Sources */ = {isa = PBXBuildFile; fileRef = FADA96B62868C4870075627C /* UIImageExtension.swift */; };
		FADA96B92868C6A60075627C /* Utilities.swift in Sources */ = {isa = PBXBuildFile; fileRef = FADA96B82868C6A60075627C /* Utilities.swift */; };
/* End PBXBuildFile section */

/* Begin PBXContainerItemProxy section */
		FA3D8EB1283BD6FA004C186E /* PBXContainerItemProxy */ = {
			isa = PBXContainerItemProxy;
			containerPortal = FA3D8E92283BD6F8004C186E /* Project object */;
			proxyType = 1;
			remoteGlobalIDString = FA3D8E99283BD6F8004C186E;
			remoteInfo = EpubReader;
		};
		FA3D8EBB283BD6FA004C186E /* PBXContainerItemProxy */ = {
			isa = PBXContainerItemProxy;
			containerPortal = FA3D8E92283BD6F8004C186E /* Project object */;
			proxyType = 1;
			remoteGlobalIDString = FA3D8E99283BD6F8004C186E;
			remoteInfo = EpubReader;
		};
/* End PBXContainerItemProxy section */

/* Begin PBXFileReference section */
		0401C1F428BE7463008A686B /* AudioViewModel.swift */ = {isa = PBXFileReference; lastKnownFileType = sourcecode.swift; path = AudioViewModel.swift; sourceTree = "<group>"; };
		040509042916186600A956C7 /* disable_ads.html */ = {isa = PBXFileReference; fileEncoding = 4; lastKnownFileType = text.html; path = disable_ads.html; sourceTree = "<group>"; };
		04054ABD289FB386006E71BA /* UIImage.swift */ = {isa = PBXFileReference; lastKnownFileType = sourcecode.swift; path = UIImage.swift; sourceTree = "<group>"; };
		04118AE228C905EF00BE4446 /* PersistenceHelper.swift */ = {isa = PBXFileReference; lastKnownFileType = sourcecode.swift; path = PersistenceHelper.swift; sourceTree = "<group>"; };
		041457A4291951D0008CD627 /* ScrollUISegmentController.swift */ = {isa = PBXFileReference; lastKnownFileType = sourcecode.swift; path = ScrollUISegmentController.swift; sourceTree = "<group>"; };
		041457A629195216008CD627 /* SegmentedControl.swift */ = {isa = PBXFileReference; lastKnownFileType = sourcecode.swift; path = SegmentedControl.swift; sourceTree = "<group>"; };
		041457A829195653008CD627 /* Utils.swift */ = {isa = PBXFileReference; lastKnownFileType = sourcecode.swift; path = Utils.swift; sourceTree = "<group>"; };
		04182A65288BBB8100894854 /* LiteraryViewController.swift */ = {isa = PBXFileReference; lastKnownFileType = sourcecode.swift; path = LiteraryViewController.swift; sourceTree = "<group>"; };
		04196D6E28A2BD3A008FA2FC /* video_pause.png */ = {isa = PBXFileReference; lastKnownFileType = image.png; name = video_pause.png; path = "EpubReader/Graphics/Full Audio Player/video_pause.png"; sourceTree = SOURCE_ROOT; };
		04196D6F28A2BD3A008FA2FC /* audio_play.png */ = {isa = PBXFileReference; lastKnownFileType = image.png; name = audio_play.png; path = "EpubReader/Graphics/Full Audio Player/audio_play.png"; sourceTree = SOURCE_ROOT; };
		04196D7328A2BDC8008FA2FC /* FullScreenAudioPlayerViewController.swift */ = {isa = PBXFileReference; lastKnownFileType = sourcecode.swift; path = FullScreenAudioPlayerViewController.swift; sourceTree = "<group>"; };
		04196D7528A2C010008FA2FC /* forward_new_icon.png */ = {isa = PBXFileReference; lastKnownFileType = image.png; name = forward_new_icon.png; path = "EpubReader/Graphics/Full Audio Player/forward_new_icon.png"; sourceTree = SOURCE_ROOT; };
		04196D7628A2C010008FA2FC /* audio_scrubber_dot.png */ = {isa = PBXFileReference; lastKnownFileType = image.png; name = audio_scrubber_dot.png; path = "EpubReader/Graphics/Full Audio Player/audio_scrubber_dot.png"; sourceTree = SOURCE_ROOT; };
		04196D7728A2C010008FA2FC /* backward_new_icon.png */ = {isa = PBXFileReference; lastKnownFileType = image.png; name = backward_new_icon.png; path = "EpubReader/Graphics/Full Audio Player/backward_new_icon.png"; sourceTree = SOURCE_ROOT; };
		041F9B8E28B11FAC00FB4DEA /* IntExtensions.swift */ = {isa = PBXFileReference; lastKnownFileType = sourcecode.swift; path = IntExtensions.swift; sourceTree = "<group>"; };
		041F9B9028B13C6C00FB4DEA /* PlayerViewController.swift */ = {isa = PBXFileReference; lastKnownFileType = sourcecode.swift; path = PlayerViewController.swift; sourceTree = "<group>"; };
		041F9B9228B13CEC00FB4DEA /* MIniAudioPlayerView.swift */ = {isa = PBXFileReference; lastKnownFileType = sourcecode.swift; path = MIniAudioPlayerView.swift; sourceTree = "<group>"; };
		041F9B9428B140D500FB4DEA /* play_filled.png */ = {isa = PBXFileReference; lastKnownFileType = image.png; path = play_filled.png; sourceTree = "<group>"; };
		041F9B9628B141C000FB4DEA /* fastforward_15_seconds.png */ = {isa = PBXFileReference; lastKnownFileType = image.png; path = fastforward_15_seconds.png; sourceTree = "<group>"; };
		041F9B9728B141C000FB4DEA /* rewind_15_seconds.png */ = {isa = PBXFileReference; lastKnownFileType = image.png; path = rewind_15_seconds.png; sourceTree = "<group>"; };
		0423B1B428E1FF7E00750A8E /* BookTableViewCell.swift */ = {isa = PBXFileReference; lastKnownFileType = sourcecode.swift; path = BookTableViewCell.swift; sourceTree = "<group>"; };
		0427875329292F330071AEB5 /* UserDefs.swift */ = {isa = PBXFileReference; lastKnownFileType = sourcecode.swift; path = UserDefs.swift; sourceTree = "<group>"; };
		042C6006293E05DB00945B18 /* ic_more.png */ = {isa = PBXFileReference; lastKnownFileType = image.png; path = ic_more.png; sourceTree = "<group>"; };
		043DFB1328BB38A4003CD6C0 /* fi_download.png */ = {isa = PBXFileReference; lastKnownFileType = image.png; path = fi_download.png; sourceTree = "<group>"; };
		043DFB1528BB3905003CD6C0 /* download-icon.png */ = {isa = PBXFileReference; lastKnownFileType = image.png; path = "download-icon.png"; sourceTree = "<group>"; };
		043DFB1728BB75C6003CD6C0 /* Reachability.swift */ = {isa = PBXFileReference; lastKnownFileType = sourcecode.swift; path = Reachability.swift; sourceTree = "<group>"; };
		043DFB1928BB77B7003CD6C0 /* Message.swift */ = {isa = PBXFileReference; lastKnownFileType = sourcecode.swift; path = Message.swift; sourceTree = "<group>"; };
		04490EB128D61BD8004820CD /* UIFont.swift */ = {isa = PBXFileReference; lastKnownFileType = sourcecode.swift; path = UIFont.swift; sourceTree = "<group>"; };
		0455AC6D28A903C600E41D28 /* sound_decrease.png */ = {isa = PBXFileReference; lastKnownFileType = image.png; path = sound_decrease.png; sourceTree = "<group>"; };
		0455AC6E28A903C600E41D28 /* sound_increase.png */ = {isa = PBXFileReference; lastKnownFileType = image.png; path = sound_increase.png; sourceTree = "<group>"; };
		045C43E428C7ABDB000A83E4 /* DatabaseHelper.swift */ = {isa = PBXFileReference; lastKnownFileType = sourcecode.swift; path = DatabaseHelper.swift; sourceTree = "<group>"; };
		045C43E728C7ACF7000A83E4 /* RlmDownloadedAudioPath.swift */ = {isa = PBXFileReference; lastKnownFileType = sourcecode.swift; path = RlmDownloadedAudioPath.swift; sourceTree = "<group>"; };
		0464017728AC0B3E00CCAD3F /* AudioPlayer.swift */ = {isa = PBXFileReference; lastKnownFileType = sourcecode.swift; path = AudioPlayer.swift; sourceTree = "<group>"; };
		0464017928AC0C7D00CCAD3F /* Audio.swift */ = {isa = PBXFileReference; lastKnownFileType = sourcecode.swift; path = Audio.swift; sourceTree = "<group>"; };
		04640E9B29156F3B001FA655 /* about_us.html */ = {isa = PBXFileReference; fileEncoding = 4; lastKnownFileType = text.html; path = about_us.html; sourceTree = "<group>"; };
		0464618428D7075200563427 /* SignInViewController.swift */ = {isa = PBXFileReference; lastKnownFileType = sourcecode.swift; path = SignInViewController.swift; sourceTree = "<group>"; };
		046C0EB328A8AE44009849B5 /* UIApplicationExtension.swift */ = {isa = PBXFileReference; lastKnownFileType = sourcecode.swift; path = UIApplicationExtension.swift; sourceTree = "<group>"; };
		046C0EB528A8BAE1009849B5 /* ebook_example.jpeg */ = {isa = PBXFileReference; lastKnownFileType = image.jpeg; path = ebook_example.jpeg; sourceTree = "<group>"; };
		0471FA7F28B3D529009656E7 /* UIScreenExtensions.swift */ = {isa = PBXFileReference; lastKnownFileType = sourcecode.swift; path = UIScreenExtensions.swift; sourceTree = "<group>"; };
		0473513929461BA2004B9A33 /* BookDownloadsViewController.swift */ = {isa = PBXFileReference; lastKnownFileType = sourcecode.swift; path = BookDownloadsViewController.swift; sourceTree = "<group>"; };
		0473513B29463727004B9A33 /* AudioDownloadsViewController.swift */ = {isa = PBXFileReference; lastKnownFileType = sourcecode.swift; path = AudioDownloadsViewController.swift; sourceTree = "<group>"; };
		04785B7228E6E456009CD72C /* UserViewModel.swift */ = {isa = PBXFileReference; lastKnownFileType = sourcecode.swift; path = UserViewModel.swift; sourceTree = "<group>"; };
		04856C1628E6050C00426B6C /* User.swift */ = {isa = PBXFileReference; lastKnownFileType = sourcecode.swift; path = User.swift; sourceTree = "<group>"; };
		048FDBB028CC9A770080509B /* CultureHistoryViewController.swift */ = {isa = PBXFileReference; lastKnownFileType = sourcecode.swift; path = CultureHistoryViewController.swift; sourceTree = "<group>"; };
		048FDBB228CC9AB70080509B /* ScienceTechnologyViewController.swift */ = {isa = PBXFileReference; lastKnownFileType = sourcecode.swift; path = ScienceTechnologyViewController.swift; sourceTree = "<group>"; };
		048FDBB428CC9AE20080509B /* HealthViewController.swift */ = {isa = PBXFileReference; lastKnownFileType = sourcecode.swift; path = HealthViewController.swift; sourceTree = "<group>"; };
		049F879729166F6D008D4456 /* ic_profile.png */ = {isa = PBXFileReference; lastKnownFileType = image.png; path = ic_profile.png; sourceTree = "<group>"; };
		049F87992916B875008D4456 /* ic_next.png */ = {isa = PBXFileReference; lastKnownFileType = image.png; path = ic_next.png; sourceTree = "<group>"; };
		04A081112871525200FFAFBF /* demo-bg.jpeg */ = {isa = PBXFileReference; lastKnownFileType = image.jpeg; path = "demo-bg.jpeg"; sourceTree = "<group>"; };
		04B21A3E2941EA3300499FF9 /* BannerHelper.swift */ = {isa = PBXFileReference; lastKnownFileType = sourcecode.swift; path = BannerHelper.swift; sourceTree = "<group>"; };
		04B21A402941EADE00499FF9 /* Banner.swift */ = {isa = PBXFileReference; lastKnownFileType = sourcecode.swift; path = Banner.swift; sourceTree = "<group>"; };
		04B21E9328BA773200758B03 /* template_stop_square.png */ = {isa = PBXFileReference; lastKnownFileType = image.png; path = template_stop_square.png; sourceTree = "<group>"; };
		04B21E9428BA773200758B03 /* template_stop_download.png */ = {isa = PBXFileReference; lastKnownFileType = image.png; path = template_stop_download.png; sourceTree = "<group>"; };
		04B21E9528BA773200758B03 /* download_remove.png */ = {isa = PBXFileReference; lastKnownFileType = image.png; path = download_remove.png; sourceTree = "<group>"; };
		04B21E9628BA773200758B03 /* download.png */ = {isa = PBXFileReference; lastKnownFileType = image.png; path = download.png; sourceTree = "<group>"; };
		04B21E9B28BA78F700758B03 /* ProgressBarView.swift */ = {isa = PBXFileReference; lastKnownFileType = sourcecode.swift; path = ProgressBarView.swift; sourceTree = "<group>"; };
		04B21E9D28BA7BC300758B03 /* trash.png */ = {isa = PBXFileReference; lastKnownFileType = image.png; path = trash.png; sourceTree = "<group>"; };
		04B360E628B68431005ADBA1 /* close_button.png */ = {isa = PBXFileReference; lastKnownFileType = image.png; path = close_button.png; sourceTree = "<group>"; };
		04B360E828B68CF1005ADBA1 /* video_play.png */ = {isa = PBXFileReference; lastKnownFileType = image.png; path = video_play.png; sourceTree = "<group>"; };
		04BC25AC2870B018007ECAEE /* chevron_down.png */ = {isa = PBXFileReference; lastKnownFileType = image.png; path = chevron_down.png; sourceTree = "<group>"; };
		04C79DA428E08EF000593DFD /* SideMenuViewController.swift */ = {isa = PBXFileReference; lastKnownFileType = sourcecode.swift; path = SideMenuViewController.swift; sourceTree = "<group>"; };
		04C79DA828E0A24400593DFD /* MenuTableViewCell.swift */ = {isa = PBXFileReference; lastKnownFileType = sourcecode.swift; path = MenuTableViewCell.swift; sourceTree = "<group>"; };
		04C79DAA28E0C4FA00593DFD /* ProfileViewController.swift */ = {isa = PBXFileReference; lastKnownFileType = sourcecode.swift; path = ProfileViewController.swift; sourceTree = "<group>"; };
		04C79DAC28E0C58400593DFD /* AboutViewController.swift */ = {isa = PBXFileReference; lastKnownFileType = sourcecode.swift; path = AboutViewController.swift; sourceTree = "<group>"; };
		04C79DAE28E0C6D600593DFD /* DisableAdsViewController.swift */ = {isa = PBXFileReference; lastKnownFileType = sourcecode.swift; path = DisableAdsViewController.swift; sourceTree = "<group>"; };
		04C9F888287053C3000991C0 /* Epub.swift */ = {isa = PBXFileReference; lastKnownFileType = sourcecode.swift; path = Epub.swift; sourceTree = "<group>"; };
		04CC80CE288DA68800D53C0C /* ItemDownloadHelper.swift */ = {isa = PBXFileReference; lastKnownFileType = sourcecode.swift; path = ItemDownloadHelper.swift; sourceTree = "<group>"; };
		04CC80D0288DA96500D53C0C /* FileHelper.swift */ = {isa = PBXFileReference; lastKnownFileType = sourcecode.swift; path = FileHelper.swift; sourceTree = "<group>"; };
		04CC80D2288DAB4700D53C0C /* FileDownloadInfo.swift */ = {isa = PBXFileReference; lastKnownFileType = sourcecode.swift; path = FileDownloadInfo.swift; sourceTree = "<group>"; };
		04CC80D4288DABA200D53C0C /* NetworkManager.swift */ = {isa = PBXFileReference; lastKnownFileType = sourcecode.swift; path = NetworkManager.swift; sourceTree = "<group>"; };
		04DDDCFE293C67970060E639 /* ReadingBook.swift */ = {isa = PBXFileReference; lastKnownFileType = sourcecode.swift; path = ReadingBook.swift; sourceTree = "<group>"; };
		04ECD18928B7D2D700DAA295 /* AudioResourceCell.swift */ = {isa = PBXFileReference; lastKnownFileType = sourcecode.swift; path = AudioResourceCell.swift; sourceTree = "<group>"; };
		04ECD18B28B7DA5800DAA295 /* fi_heart.png */ = {isa = PBXFileReference; lastKnownFileType = image.png; path = fi_heart.png; sourceTree = "<group>"; };
		04ECD18C28B7DA5800DAA295 /* headphones.png */ = {isa = PBXFileReference; lastKnownFileType = image.png; path = headphones.png; sourceTree = "<group>"; };
		04ECD18D28B7DA5800DAA295 /* fi_heart_fill.png */ = {isa = PBXFileReference; lastKnownFileType = image.png; path = fi_heart_fill.png; sourceTree = "<group>"; };
		04ECD19128B7E1AC00DAA295 /* AudioViewController.swift */ = {isa = PBXFileReference; lastKnownFileType = sourcecode.swift; path = AudioViewController.swift; sourceTree = "<group>"; };
		04F3647A2928E09700EAF994 /* MusicPlayerHelper.swift */ = {isa = PBXFileReference; lastKnownFileType = sourcecode.swift; path = MusicPlayerHelper.swift; sourceTree = "<group>"; };
		04FA55DC286C651D00724CF9 /* BookDetailViewController.swift */ = {isa = PBXFileReference; lastKnownFileType = sourcecode.swift; path = BookDetailViewController.swift; sourceTree = "<group>"; };
		04FA55DE286CB0E900724CF9 /* UIButtonExtension.swift */ = {isa = PBXFileReference; lastKnownFileType = sourcecode.swift; path = UIButtonExtension.swift; sourceTree = "<group>"; };
		1ACAA9E66AE1AE9938FCFA67 /* Pods-EpubReader-EpubReaderUITests.release.xcconfig */ = {isa = PBXFileReference; includeInIndex = 1; lastKnownFileType = text.xcconfig; name = "Pods-EpubReader-EpubReaderUITests.release.xcconfig"; path = "Target Support Files/Pods-EpubReader-EpubReaderUITests/Pods-EpubReader-EpubReaderUITests.release.xcconfig"; sourceTree = "<group>"; };
		2B4D4E10F66837167C0BBBC7 /* Pods-EpubReaderTests.release.xcconfig */ = {isa = PBXFileReference; includeInIndex = 1; lastKnownFileType = text.xcconfig; name = "Pods-EpubReaderTests.release.xcconfig"; path = "Target Support Files/Pods-EpubReaderTests/Pods-EpubReaderTests.release.xcconfig"; sourceTree = "<group>"; };
		4C4E9414DA186C53B11F2B0E /* Pods-EpubReader.debug.xcconfig */ = {isa = PBXFileReference; includeInIndex = 1; lastKnownFileType = text.xcconfig; name = "Pods-EpubReader.debug.xcconfig"; path = "Target Support Files/Pods-EpubReader/Pods-EpubReader.debug.xcconfig"; sourceTree = "<group>"; };
		5C65CC6E35E3A9A949E0AF5F /* Pods-EpubReader-EpubReaderUITests.debug.xcconfig */ = {isa = PBXFileReference; includeInIndex = 1; lastKnownFileType = text.xcconfig; name = "Pods-EpubReader-EpubReaderUITests.debug.xcconfig"; path = "Target Support Files/Pods-EpubReader-EpubReaderUITests/Pods-EpubReader-EpubReaderUITests.debug.xcconfig"; sourceTree = "<group>"; };
		825FF13148BA9567D64A4177 /* Pods_EpubReader_EpubReaderUITests.framework */ = {isa = PBXFileReference; explicitFileType = wrapper.framework; includeInIndex = 0; path = Pods_EpubReader_EpubReaderUITests.framework; sourceTree = BUILT_PRODUCTS_DIR; };
		83179630B3BEE9E4569A32D2 /* Pods-EpubReader.release.xcconfig */ = {isa = PBXFileReference; includeInIndex = 1; lastKnownFileType = text.xcconfig; name = "Pods-EpubReader.release.xcconfig"; path = "Target Support Files/Pods-EpubReader/Pods-EpubReader.release.xcconfig"; sourceTree = "<group>"; };
		83E9F9CB594D13B99F40DF3F /* Pods_EpubReaderTests.framework */ = {isa = PBXFileReference; explicitFileType = wrapper.framework; includeInIndex = 0; path = Pods_EpubReaderTests.framework; sourceTree = BUILT_PRODUCTS_DIR; };
		85A9056E2DA1F8A06AD0FB5E /* Pods_EpubReader.framework */ = {isa = PBXFileReference; explicitFileType = wrapper.framework; includeInIndex = 0; path = Pods_EpubReader.framework; sourceTree = BUILT_PRODUCTS_DIR; };
		BC84F7CEB4E236C762B68090 /* Pods-EpubReaderTests.debug.xcconfig */ = {isa = PBXFileReference; includeInIndex = 1; lastKnownFileType = text.xcconfig; name = "Pods-EpubReaderTests.debug.xcconfig"; path = "Target Support Files/Pods-EpubReaderTests/Pods-EpubReaderTests.debug.xcconfig"; sourceTree = "<group>"; };
		FA2F8469283BE64100DF928B /* HomeViewController.swift */ = {isa = PBXFileReference; lastKnownFileType = sourcecode.swift; path = HomeViewController.swift; sourceTree = "<group>"; };
		FA2F846C283BE6D200DF928B /* SearchViewController.swift */ = {isa = PBXFileReference; lastKnownFileType = sourcecode.swift; path = SearchViewController.swift; sourceTree = "<group>"; };
		FA2F846F283BE71700DF928B /* MainTabBarViewController.swift */ = {isa = PBXFileReference; lastKnownFileType = sourcecode.swift; path = MainTabBarViewController.swift; sourceTree = "<group>"; };
		FA349DE5284B6490005047DC /* SkillsViewController.swift */ = {isa = PBXFileReference; lastKnownFileType = sourcecode.swift; path = SkillsViewController.swift; sourceTree = "<group>"; };
		FA349DE7284B6503005047DC /* EconomicsViewController.swift */ = {isa = PBXFileReference; lastKnownFileType = sourcecode.swift; path = EconomicsViewController.swift; sourceTree = "<group>"; };
		FA3D8E9A283BD6F8004C186E /* EpubReader.app */ = {isa = PBXFileReference; explicitFileType = wrapper.application; includeInIndex = 0; path = EpubReader.app; sourceTree = BUILT_PRODUCTS_DIR; };
		FA3D8E9D283BD6F8004C186E /* AppDelegate.swift */ = {isa = PBXFileReference; lastKnownFileType = sourcecode.swift; path = AppDelegate.swift; sourceTree = "<group>"; };
		FA3D8EA6283BD6FA004C186E /* Assets.xcassets */ = {isa = PBXFileReference; lastKnownFileType = folder.assetcatalog; path = Assets.xcassets; sourceTree = "<group>"; };
		FA3D8EA9283BD6FA004C186E /* Base */ = {isa = PBXFileReference; lastKnownFileType = file.storyboard; name = Base; path = Base.lproj/LaunchScreen.storyboard; sourceTree = "<group>"; };
		FA3D8EAB283BD6FA004C186E /* Info.plist */ = {isa = PBXFileReference; lastKnownFileType = text.plist.xml; path = Info.plist; sourceTree = "<group>"; };
		FA3D8EB0283BD6FA004C186E /* EpubReaderTests.xctest */ = {isa = PBXFileReference; explicitFileType = wrapper.cfbundle; includeInIndex = 0; path = EpubReaderTests.xctest; sourceTree = BUILT_PRODUCTS_DIR; };
		FA3D8EB4283BD6FA004C186E /* EpubReaderTests.swift */ = {isa = PBXFileReference; lastKnownFileType = sourcecode.swift; path = EpubReaderTests.swift; sourceTree = "<group>"; };
		FA3D8EBA283BD6FA004C186E /* EpubReaderUITests.xctest */ = {isa = PBXFileReference; explicitFileType = wrapper.cfbundle; includeInIndex = 0; path = EpubReaderUITests.xctest; sourceTree = BUILT_PRODUCTS_DIR; };
		FA3D8EBE283BD6FA004C186E /* EpubReaderUITests.swift */ = {isa = PBXFileReference; lastKnownFileType = sourcecode.swift; path = EpubReaderUITests.swift; sourceTree = "<group>"; };
		FA3D8EC0283BD6FA004C186E /* EpubReaderUITestsLaunchTests.swift */ = {isa = PBXFileReference; lastKnownFileType = sourcecode.swift; path = EpubReaderUITestsLaunchTests.swift; sourceTree = "<group>"; };
		FA951F41283BEBFA00013A84 /* FavoritesViewController.swift */ = {isa = PBXFileReference; lastKnownFileType = sourcecode.swift; path = FavoritesViewController.swift; sourceTree = "<group>"; };
		FA951F43283BEC3000013A84 /* BookmarkViewController.swift */ = {isa = PBXFileReference; lastKnownFileType = sourcecode.swift; path = BookmarkViewController.swift; sourceTree = "<group>"; };
		FA9D0C3B28637B7800E667AD /* Constants.swift */ = {isa = PBXFileReference; lastKnownFileType = sourcecode.swift; path = Constants.swift; sourceTree = "<group>"; };
		FA9D0C3D28637D6300E667AD /* ApiError.swift */ = {isa = PBXFileReference; lastKnownFileType = sourcecode.swift; path = ApiError.swift; sourceTree = "<group>"; };
		FA9D0C3F28637D9900E667AD /* ApiRouter.swift */ = {isa = PBXFileReference; lastKnownFileType = sourcecode.swift; path = ApiRouter.swift; sourceTree = "<group>"; };
		FAB7F4B5284CC90800A16974 /* UIDeviceExtensions.swift */ = {isa = PBXFileReference; lastKnownFileType = sourcecode.swift; path = UIDeviceExtensions.swift; sourceTree = "<group>"; };
		FAB7F4B8284CD43800A16974 /* Book.swift */ = {isa = PBXFileReference; lastKnownFileType = sourcecode.swift; path = Book.swift; sourceTree = "<group>"; };
		FAB7F4BC284CD7CB00A16974 /* BookViewModel.swift */ = {isa = PBXFileReference; lastKnownFileType = sourcecode.swift; path = BookViewModel.swift; sourceTree = "<group>"; };
		FAC01C22284FB9CB0004A0BA /* ApiWebService.swift */ = {isa = PBXFileReference; lastKnownFileType = sourcecode.swift; path = ApiWebService.swift; sourceTree = "<group>"; };
		FAC51FC7283FC5800016889F /* AppAppearanceDesigner.swift */ = {isa = PBXFileReference; lastKnownFileType = sourcecode.swift; path = AppAppearanceDesigner.swift; sourceTree = "<group>"; };
		FAC51FC9283FC97B0016889F /* UIColorExtensions.swift */ = {isa = PBXFileReference; lastKnownFileType = sourcecode.swift; path = UIColorExtensions.swift; sourceTree = "<group>"; };
		FAC51FCB283FCE590016889F /* BaseViewController.swift */ = {isa = PBXFileReference; lastKnownFileType = sourcecode.swift; path = BaseViewController.swift; sourceTree = "<group>"; };
		FAC6549B283D29810086CC9D /* bookmark.png */ = {isa = PBXFileReference; lastKnownFileType = image.png; path = bookmark.png; sourceTree = "<group>"; };
		FAC6549D283D29860086CC9D /* favorite.png */ = {isa = PBXFileReference; lastKnownFileType = image.png; path = favorite.png; sourceTree = "<group>"; };
		FAC6549F283D298B0086CC9D /* home.png */ = {isa = PBXFileReference; lastKnownFileType = image.png; path = home.png; sourceTree = "<group>"; };
		FAC654A1283D29900086CC9D /* search.png */ = {isa = PBXFileReference; lastKnownFileType = image.png; path = search.png; sourceTree = "<group>"; };
		FAC654A4283D2F490086CC9D /* menu.png */ = {isa = PBXFileReference; lastKnownFileType = image.png; path = menu.png; sourceTree = "<group>"; };
		FAC654A6283D2F770086CC9D /* notification.png */ = {isa = PBXFileReference; lastKnownFileType = image.png; path = notification.png; sourceTree = "<group>"; };
		FAC654A8283D31D60086CC9D /* UIViewExtensions.swift */ = {isa = PBXFileReference; lastKnownFileType = sourcecode.swift; path = UIViewExtensions.swift; sourceTree = "<group>"; };
		FAD7401A284BCAB0005B9459 /* BookCell.swift */ = {isa = PBXFileReference; lastKnownFileType = sourcecode.swift; path = BookCell.swift; sourceTree = "<group>"; };
		FADA96B42868BCBB0075627C /* EpubReaderHelper.swift */ = {isa = PBXFileReference; lastKnownFileType = sourcecode.swift; path = EpubReaderHelper.swift; sourceTree = "<group>"; };
		FADA96B62868C4870075627C /* UIImageExtension.swift */ = {isa = PBXFileReference; lastKnownFileType = sourcecode.swift; path = UIImageExtension.swift; sourceTree = "<group>"; };
		FADA96B82868C6A60075627C /* Utilities.swift */ = {isa = PBXFileReference; lastKnownFileType = sourcecode.swift; path = Utilities.swift; sourceTree = "<group>"; };
/* End PBXFileReference section */

/* Begin PBXFrameworksBuildPhase section */
		FA3D8E97283BD6F8004C186E /* Frameworks */ = {
			isa = PBXFrameworksBuildPhase;
			buildActionMask = 2147483647;
			files = (
				F9C95FC5E61ACB6A086C6BDB /* Pods_EpubReader.framework in Frameworks */,
			);
			runOnlyForDeploymentPostprocessing = 0;
		};
		FA3D8EAD283BD6FA004C186E /* Frameworks */ = {
			isa = PBXFrameworksBuildPhase;
			buildActionMask = 2147483647;
			files = (
				8BC8BF17FD90027C3027604C /* Pods_EpubReaderTests.framework in Frameworks */,
			);
			runOnlyForDeploymentPostprocessing = 0;
		};
		FA3D8EB7283BD6FA004C186E /* Frameworks */ = {
			isa = PBXFrameworksBuildPhase;
			buildActionMask = 2147483647;
			files = (
				03BA89AB5296E4166A9421D7 /* Pods_EpubReader_EpubReaderUITests.framework in Frameworks */,
			);
			runOnlyForDeploymentPostprocessing = 0;
		};
/* End PBXFrameworksBuildPhase section */

/* Begin PBXGroup section */
		04196D7228A2BD90008FA2FC /* Audio */ = {
			isa = PBXGroup;
			children = (
				04196D7328A2BDC8008FA2FC /* FullScreenAudioPlayerViewController.swift */,
				041F9B9028B13C6C00FB4DEA /* PlayerViewController.swift */,
				041F9B9228B13CEC00FB4DEA /* MIniAudioPlayerView.swift */,
				04B21E9B28BA78F700758B03 /* ProgressBarView.swift */,
			);
			path = Audio;
			sourceTree = "<group>";
		};
		0455AC6B28A902D900E41D28 /* Full Audio Player */ = {
			isa = PBXGroup;
			children = (
				04B360E828B68CF1005ADBA1 /* video_play.png */,
				04B360E628B68431005ADBA1 /* close_button.png */,
				041F9B9628B141C000FB4DEA /* fastforward_15_seconds.png */,
				041F9B9728B141C000FB4DEA /* rewind_15_seconds.png */,
				041F9B9428B140D500FB4DEA /* play_filled.png */,
				0455AC6D28A903C600E41D28 /* sound_decrease.png */,
				0455AC6E28A903C600E41D28 /* sound_increase.png */,
				04196D6E28A2BD3A008FA2FC /* video_pause.png */,
				04196D6F28A2BD3A008FA2FC /* audio_play.png */,
				04196D7528A2C010008FA2FC /* forward_new_icon.png */,
				04196D7728A2C010008FA2FC /* backward_new_icon.png */,
				04196D7628A2C010008FA2FC /* audio_scrubber_dot.png */,
			);
			path = "Full Audio Player";
			sourceTree = "<group>";
		};
		0455AC6C28A9031C00E41D28 /* Example */ = {
			isa = PBXGroup;
			children = (
				046C0EB528A8BAE1009849B5 /* ebook_example.jpeg */,
			);
			path = Example;
			sourceTree = "<group>";
		};
		045C43E628C7ACC2000A83E4 /* Realm */ = {
			isa = PBXGroup;
			children = (
				045C43E728C7ACF7000A83E4 /* RlmDownloadedAudioPath.swift */,
			);
			path = Realm;
			sourceTree = "<group>";
		};
		0464017228AC08A300CCAD3F /* Icon */ = {
			isa = PBXGroup;
			children = (
				042C6006293E05DB00945B18 /* ic_more.png */,
				049F87992916B875008D4456 /* ic_next.png */,
				049F879729166F6D008D4456 /* ic_profile.png */,
				043DFB1528BB3905003CD6C0 /* download-icon.png */,
				043DFB1328BB38A4003CD6C0 /* fi_download.png */,
				04B21E9D28BA7BC300758B03 /* trash.png */,
				04B21E9528BA773200758B03 /* download_remove.png */,
				04B21E9628BA773200758B03 /* download.png */,
				04B21E9428BA773200758B03 /* template_stop_download.png */,
				04B21E9328BA773200758B03 /* template_stop_square.png */,
				04ECD18D28B7DA5800DAA295 /* fi_heart_fill.png */,
				04ECD18B28B7DA5800DAA295 /* fi_heart.png */,
				04ECD18C28B7DA5800DAA295 /* headphones.png */,
			);
			path = Icon;
			sourceTree = "<group>";
		};
		04640E9A29156EFB001FA655 /* DataFiles */ = {
			isa = PBXGroup;
			children = (
				040509042916186600A956C7 /* disable_ads.html */,
				04640E9B29156F3B001FA655 /* about_us.html */,
			);
			path = DataFiles;
			sourceTree = "<group>";
		};
		04FA55DB286C64CC00724CF9 /* Book */ = {
			isa = PBXGroup;
			children = (
				04FA55DC286C651D00724CF9 /* BookDetailViewController.swift */,
				04ECD19128B7E1AC00DAA295 /* AudioViewController.swift */,
				041457A4291951D0008CD627 /* ScrollUISegmentController.swift */,
				041457A629195216008CD627 /* SegmentedControl.swift */,
			);
			path = Book;
			sourceTree = "<group>";
		};
		6F055F932753B8181C5DB0A6 /* Frameworks */ = {
			isa = PBXGroup;
			children = (
				85A9056E2DA1F8A06AD0FB5E /* Pods_EpubReader.framework */,
				825FF13148BA9567D64A4177 /* Pods_EpubReader_EpubReaderUITests.framework */,
				83E9F9CB594D13B99F40DF3F /* Pods_EpubReaderTests.framework */,
			);
			name = Frameworks;
			sourceTree = "<group>";
		};
		EA56F3B7AEB2B258DED8A269 /* Pods */ = {
			isa = PBXGroup;
			children = (
				4C4E9414DA186C53B11F2B0E /* Pods-EpubReader.debug.xcconfig */,
				83179630B3BEE9E4569A32D2 /* Pods-EpubReader.release.xcconfig */,
				5C65CC6E35E3A9A949E0AF5F /* Pods-EpubReader-EpubReaderUITests.debug.xcconfig */,
				1ACAA9E66AE1AE9938FCFA67 /* Pods-EpubReader-EpubReaderUITests.release.xcconfig */,
				BC84F7CEB4E236C762B68090 /* Pods-EpubReaderTests.debug.xcconfig */,
				2B4D4E10F66837167C0BBBC7 /* Pods-EpubReaderTests.release.xcconfig */,
			);
			path = Pods;
			sourceTree = "<group>";
		};
		FA2F8462283BDF5500DF928B /* Common */ = {
			isa = PBXGroup;
			children = (
				FA9D0C3B28637B7800E667AD /* Constants.swift */,
				FA9D0C3D28637D6300E667AD /* ApiError.swift */,
				FA9D0C3F28637D9900E667AD /* ApiRouter.swift */,
			);
			path = Common;
			sourceTree = "<group>";
		};
		FA2F8463283BDF6A00DF928B /* Data */ = {
			isa = PBXGroup;
			children = (
				045C43E628C7ACC2000A83E4 /* Realm */,
				FAC01C21284FB8070004A0BA /* Network */,
			);
			path = Data;
			sourceTree = "<group>";
		};
		FA2F8464283BDF7000DF928B /* Domain */ = {
			isa = PBXGroup;
			children = (
				FAB7F4B7284CD41C00A16974 /* Entities */,
			);
			path = Domain;
			sourceTree = "<group>";
		};
		FA2F8465283BDF7C00DF928B /* Presentation */ = {
			isa = PBXGroup;
			children = (
				04196D7228A2BD90008FA2FC /* Audio */,
				04FA55DB286C64CC00724CF9 /* Book */,
				FAB7F4BB284CD7B800A16974 /* ViewModel */,
				FAD74019284BCA66005B9459 /* CollectionViewCells */,
				FA349DE4284B646D005047DC /* Topic */,
				FA951F40283BEBD500013A84 /* Bookmarks */,
				FA951F3F283BEBBF00013A84 /* Favorites */,
				FA2F846E283BE70500DF928B /* Main */,
				FA2F846B283BE6B700DF928B /* Search */,
				FA2F8468283BE61B00DF928B /* Home */,
			);
			path = Presentation;
			sourceTree = "<group>";
		};
		FA2F8466283BDFA300DF928B /* Extensions */ = {
			isa = PBXGroup;
			children = (
				FAC654A8283D31D60086CC9D /* UIViewExtensions.swift */,
				FAC51FC9283FC97B0016889F /* UIColorExtensions.swift */,
				FAB7F4B5284CC90800A16974 /* UIDeviceExtensions.swift */,
				FADA96B62868C4870075627C /* UIImageExtension.swift */,
				04FA55DE286CB0E900724CF9 /* UIButtonExtension.swift */,
				04054ABD289FB386006E71BA /* UIImage.swift */,
				046C0EB328A8AE44009849B5 /* UIApplicationExtension.swift */,
				041F9B8E28B11FAC00FB4DEA /* IntExtensions.swift */,
				0471FA7F28B3D529009656E7 /* UIScreenExtensions.swift */,
				04490EB128D61BD8004820CD /* UIFont.swift */,
			);
			path = Extensions;
			sourceTree = "<group>";
		};
		FA2F8467283BE00900DF928B /* Base */ = {
			isa = PBXGroup;
			children = (
				FAC51FCB283FCE590016889F /* BaseViewController.swift */,
				04CC80D2288DAB4700D53C0C /* FileDownloadInfo.swift */,
				04B21A402941EADE00499FF9 /* Banner.swift */,
			);
			path = Base;
			sourceTree = "<group>";
		};
		FA2F8468283BE61B00DF928B /* Home */ = {
			isa = PBXGroup;
			children = (
				FA2F8469283BE64100DF928B /* HomeViewController.swift */,
				0464618428D7075200563427 /* SignInViewController.swift */,
			);
			path = Home;
			sourceTree = "<group>";
		};
		FA2F846B283BE6B700DF928B /* Search */ = {
			isa = PBXGroup;
			children = (
				FA2F846C283BE6D200DF928B /* SearchViewController.swift */,
			);
			path = Search;
			sourceTree = "<group>";
		};
		FA2F846E283BE70500DF928B /* Main */ = {
			isa = PBXGroup;
			children = (
				FA2F846F283BE71700DF928B /* MainTabBarViewController.swift */,
				04C79DA428E08EF000593DFD /* SideMenuViewController.swift */,
				04C79DAA28E0C4FA00593DFD /* ProfileViewController.swift */,
				04C79DAC28E0C58400593DFD /* AboutViewController.swift */,
				04C79DAE28E0C6D600593DFD /* DisableAdsViewController.swift */,
				0473513929461BA2004B9A33 /* BookDownloadsViewController.swift */,
				0473513B29463727004B9A33 /* AudioDownloadsViewController.swift */,
			);
			path = Main;
			sourceTree = "<group>";
		};
		FA349DE4284B646D005047DC /* Topic */ = {
			isa = PBXGroup;
			children = (
				FA349DE5284B6490005047DC /* SkillsViewController.swift */,
				FA349DE7284B6503005047DC /* EconomicsViewController.swift */,
				04182A65288BBB8100894854 /* LiteraryViewController.swift */,
				048FDBB028CC9A770080509B /* CultureHistoryViewController.swift */,
				048FDBB228CC9AB70080509B /* ScienceTechnologyViewController.swift */,
				048FDBB428CC9AE20080509B /* HealthViewController.swift */,
			);
			path = Topic;
			sourceTree = "<group>";
		};
		FA3D8E91283BD6F8004C186E = {
			isa = PBXGroup;
			children = (
				FA3D8E9C283BD6F8004C186E /* EpubReader */,
				FA3D8EB3283BD6FA004C186E /* EpubReaderTests */,
				FA3D8EBD283BD6FA004C186E /* EpubReaderUITests */,
				FA3D8E9B283BD6F8004C186E /* Products */,
				EA56F3B7AEB2B258DED8A269 /* Pods */,
				6F055F932753B8181C5DB0A6 /* Frameworks */,
			);
			sourceTree = "<group>";
		};
		FA3D8E9B283BD6F8004C186E /* Products */ = {
			isa = PBXGroup;
			children = (
				FA3D8E9A283BD6F8004C186E /* EpubReader.app */,
				FA3D8EB0283BD6FA004C186E /* EpubReaderTests.xctest */,
				FA3D8EBA283BD6FA004C186E /* EpubReaderUITests.xctest */,
			);
			name = Products;
			sourceTree = "<group>";
		};
		FA3D8E9C283BD6F8004C186E /* EpubReader */ = {
			isa = PBXGroup;
			children = (
				04640E9A29156EFB001FA655 /* DataFiles */,
				FADA96B32868BC850075627C /* Helper */,
				FAC51FC6283FC5630016889F /* Utilities */,
				FAC65482283D22160086CC9D /* Graphics */,
				FA2F8467283BE00900DF928B /* Base */,
				FA2F8466283BDFA300DF928B /* Extensions */,
				FA2F8465283BDF7C00DF928B /* Presentation */,
				FA2F8464283BDF7000DF928B /* Domain */,
				FA2F8463283BDF6A00DF928B /* Data */,
				FA2F8462283BDF5500DF928B /* Common */,
				FA3D8E9D283BD6F8004C186E /* AppDelegate.swift */,
				FA3D8EA6283BD6FA004C186E /* Assets.xcassets */,
				FA3D8EA8283BD6FA004C186E /* LaunchScreen.storyboard */,
				FA3D8EAB283BD6FA004C186E /* Info.plist */,
			);
			path = EpubReader;
			sourceTree = "<group>";
		};
		FA3D8EB3283BD6FA004C186E /* EpubReaderTests */ = {
			isa = PBXGroup;
			children = (
				FA3D8EB4283BD6FA004C186E /* EpubReaderTests.swift */,
			);
			path = EpubReaderTests;
			sourceTree = "<group>";
		};
		FA3D8EBD283BD6FA004C186E /* EpubReaderUITests */ = {
			isa = PBXGroup;
			children = (
				FA3D8EBE283BD6FA004C186E /* EpubReaderUITests.swift */,
				FA3D8EC0283BD6FA004C186E /* EpubReaderUITestsLaunchTests.swift */,
			);
			path = EpubReaderUITests;
			sourceTree = "<group>";
		};
		FA951F3F283BEBBF00013A84 /* Favorites */ = {
			isa = PBXGroup;
			children = (
				FA951F41283BEBFA00013A84 /* FavoritesViewController.swift */,
			);
			path = Favorites;
			sourceTree = "<group>";
		};
		FA951F40283BEBD500013A84 /* Bookmarks */ = {
			isa = PBXGroup;
			children = (
				FA951F43283BEC3000013A84 /* BookmarkViewController.swift */,
			);
			path = Bookmarks;
			sourceTree = "<group>";
		};
		FAB7F4B7284CD41C00A16974 /* Entities */ = {
			isa = PBXGroup;
			children = (
				FAB7F4B8284CD43800A16974 /* Book.swift */,
				04C9F888287053C3000991C0 /* Epub.swift */,
				0464017728AC0B3E00CCAD3F /* AudioPlayer.swift */,
				0464017928AC0C7D00CCAD3F /* Audio.swift */,
				043DFB1928BB77B7003CD6C0 /* Message.swift */,
				04856C1628E6050C00426B6C /* User.swift */,
				04DDDCFE293C67970060E639 /* ReadingBook.swift */,
			);
			path = Entities;
			sourceTree = "<group>";
		};
		FAB7F4BB284CD7B800A16974 /* ViewModel */ = {
			isa = PBXGroup;
			children = (
				FAB7F4BC284CD7CB00A16974 /* BookViewModel.swift */,
				0401C1F428BE7463008A686B /* AudioViewModel.swift */,
				04785B7228E6E456009CD72C /* UserViewModel.swift */,
			);
			path = ViewModel;
			sourceTree = "<group>";
		};
		FAC01C21284FB8070004A0BA /* Network */ = {
			isa = PBXGroup;
			children = (
				FAC01C22284FB9CB0004A0BA /* ApiWebService.swift */,
				04CC80D4288DABA200D53C0C /* NetworkManager.swift */,
			);
			path = Network;
			sourceTree = "<group>";
		};
		FAC51FC6283FC5630016889F /* Utilities */ = {
			isa = PBXGroup;
			children = (
				FAC51FC7283FC5800016889F /* AppAppearanceDesigner.swift */,
				FADA96B82868C6A60075627C /* Utilities.swift */,
				043DFB1728BB75C6003CD6C0 /* Reachability.swift */,
				041457A829195653008CD627 /* Utils.swift */,
				0427875329292F330071AEB5 /* UserDefs.swift */,
			);
			path = Utilities;
			sourceTree = "<group>";
		};
		FAC65482283D22160086CC9D /* Graphics */ = {
			isa = PBXGroup;
			children = (
				0464017228AC08A300CCAD3F /* Icon */,
				0455AC6C28A9031C00E41D28 /* Example */,
				0455AC6B28A902D900E41D28 /* Full Audio Player */,
				FAC654A3283D2F2A0086CC9D /* Navigation Bar Icons */,
				FAC65483283D222B0086CC9D /* Tab Bar Icons */,
			);
			path = Graphics;
			sourceTree = "<group>";
		};
		FAC65483283D222B0086CC9D /* Tab Bar Icons */ = {
			isa = PBXGroup;
			children = (
				FAC6549B283D29810086CC9D /* bookmark.png */,
				FAC6549D283D29860086CC9D /* favorite.png */,
				FAC6549F283D298B0086CC9D /* home.png */,
				FAC654A1283D29900086CC9D /* search.png */,
			);
			path = "Tab Bar Icons";
			sourceTree = "<group>";
		};
		FAC654A3283D2F2A0086CC9D /* Navigation Bar Icons */ = {
			isa = PBXGroup;
			children = (
				04A081112871525200FFAFBF /* demo-bg.jpeg */,
				04BC25AC2870B018007ECAEE /* chevron_down.png */,
				FAC654A4283D2F490086CC9D /* menu.png */,
				FAC654A6283D2F770086CC9D /* notification.png */,
			);
			path = "Navigation Bar Icons";
			sourceTree = "<group>";
		};
		FAD74019284BCA66005B9459 /* CollectionViewCells */ = {
			isa = PBXGroup;
			children = (
				FAD7401A284BCAB0005B9459 /* BookCell.swift */,
				04ECD18928B7D2D700DAA295 /* AudioResourceCell.swift */,
				04C79DA828E0A24400593DFD /* MenuTableViewCell.swift */,
				0423B1B428E1FF7E00750A8E /* BookTableViewCell.swift */,
			);
			path = CollectionViewCells;
			sourceTree = "<group>";
		};
		FADA96B32868BC850075627C /* Helper */ = {
			isa = PBXGroup;
			children = (
				FADA96B42868BCBB0075627C /* EpubReaderHelper.swift */,
				04CC80CE288DA68800D53C0C /* ItemDownloadHelper.swift */,
				04CC80D0288DA96500D53C0C /* FileHelper.swift */,
				045C43E428C7ABDB000A83E4 /* DatabaseHelper.swift */,
				04118AE228C905EF00BE4446 /* PersistenceHelper.swift */,
				04F3647A2928E09700EAF994 /* MusicPlayerHelper.swift */,
				04B21A3E2941EA3300499FF9 /* BannerHelper.swift */,
			);
			path = Helper;
			sourceTree = "<group>";
		};
/* End PBXGroup section */

/* Begin PBXNativeTarget section */
		FA3D8E99283BD6F8004C186E /* EpubReader */ = {
			isa = PBXNativeTarget;
			buildConfigurationList = FA3D8EC4283BD6FA004C186E /* Build configuration list for PBXNativeTarget "EpubReader" */;
			buildPhases = (
				EA86EBC898FBD4E26CA79F5F /* [CP] Check Pods Manifest.lock */,
				FA3D8E96283BD6F8004C186E /* Sources */,
				FA3D8E97283BD6F8004C186E /* Frameworks */,
				FA3D8E98283BD6F8004C186E /* Resources */,
				83D629382FF5FE536AB72ABE /* [CP] Embed Pods Frameworks */,
			);
			buildRules = (
			);
			dependencies = (
			);
			name = EpubReader;
			productName = EpubReader;
			productReference = FA3D8E9A283BD6F8004C186E /* EpubReader.app */;
			productType = "com.apple.product-type.application";
		};
		FA3D8EAF283BD6FA004C186E /* EpubReaderTests */ = {
			isa = PBXNativeTarget;
			buildConfigurationList = FA3D8EC7283BD6FA004C186E /* Build configuration list for PBXNativeTarget "EpubReaderTests" */;
			buildPhases = (
				63594874382BDF843FFEFB49 /* [CP] Check Pods Manifest.lock */,
				FA3D8EAC283BD6FA004C186E /* Sources */,
				FA3D8EAD283BD6FA004C186E /* Frameworks */,
				FA3D8EAE283BD6FA004C186E /* Resources */,
				017F81B41799D150633C2FD2 /* [CP] Embed Pods Frameworks */,
			);
			buildRules = (
			);
			dependencies = (
				FA3D8EB2283BD6FA004C186E /* PBXTargetDependency */,
			);
			name = EpubReaderTests;
			productName = EpubReaderTests;
			productReference = FA3D8EB0283BD6FA004C186E /* EpubReaderTests.xctest */;
			productType = "com.apple.product-type.bundle.unit-test";
		};
		FA3D8EB9283BD6FA004C186E /* EpubReaderUITests */ = {
			isa = PBXNativeTarget;
			buildConfigurationList = FA3D8ECA283BD6FA004C186E /* Build configuration list for PBXNativeTarget "EpubReaderUITests" */;
			buildPhases = (
				E94EF3A82DD63B1A473918E4 /* [CP] Check Pods Manifest.lock */,
				FA3D8EB6283BD6FA004C186E /* Sources */,
				FA3D8EB7283BD6FA004C186E /* Frameworks */,
				FA3D8EB8283BD6FA004C186E /* Resources */,
				04A2E4D77F05A302D02FAE19 /* [CP] Embed Pods Frameworks */,
			);
			buildRules = (
			);
			dependencies = (
				FA3D8EBC283BD6FA004C186E /* PBXTargetDependency */,
			);
			name = EpubReaderUITests;
			productName = EpubReaderUITests;
			productReference = FA3D8EBA283BD6FA004C186E /* EpubReaderUITests.xctest */;
			productType = "com.apple.product-type.bundle.ui-testing";
		};
/* End PBXNativeTarget section */

/* Begin PBXProject section */
		FA3D8E92283BD6F8004C186E /* Project object */ = {
			isa = PBXProject;
			attributes = {
				BuildIndependentTargetsInParallel = 1;
				LastSwiftUpdateCheck = 1340;
				LastUpgradeCheck = 1340;
				TargetAttributes = {
					FA3D8E99283BD6F8004C186E = {
						CreatedOnToolsVersion = 13.4;
					};
					FA3D8EAF283BD6FA004C186E = {
						CreatedOnToolsVersion = 13.4;
						TestTargetID = FA3D8E99283BD6F8004C186E;
					};
					FA3D8EB9283BD6FA004C186E = {
						CreatedOnToolsVersion = 13.4;
						TestTargetID = FA3D8E99283BD6F8004C186E;
					};
				};
			};
			buildConfigurationList = FA3D8E95283BD6F8004C186E /* Build configuration list for PBXProject "EpubReader" */;
			compatibilityVersion = "Xcode 12.0";
			developmentRegion = en;
			hasScannedForEncodings = 0;
			knownRegions = (
				en,
				Base,
			);
			mainGroup = FA3D8E91283BD6F8004C186E;
			productRefGroup = FA3D8E9B283BD6F8004C186E /* Products */;
			projectDirPath = "";
			projectRoot = "";
			targets = (
				FA3D8E99283BD6F8004C186E /* EpubReader */,
				FA3D8EAF283BD6FA004C186E /* EpubReaderTests */,
				FA3D8EB9283BD6FA004C186E /* EpubReaderUITests */,
			);
		};
/* End PBXProject section */

/* Begin PBXResourcesBuildPhase section */
		FA3D8E98283BD6F8004C186E /* Resources */ = {
			isa = PBXResourcesBuildPhase;
			buildActionMask = 2147483647;
			files = (
				04196D7128A2BD3B008FA2FC /* audio_play.png in Resources */,
				04B21E9828BA773200758B03 /* template_stop_download.png in Resources */,
				046C0EB628A8BAE1009849B5 /* ebook_example.jpeg in Resources */,
				FAC6549C283D29810086CC9D /* bookmark.png in Resources */,
				041F9B9928B141C000FB4DEA /* rewind_15_seconds.png in Resources */,
				04B21E9728BA773200758B03 /* template_stop_square.png in Resources */,
				04ECD19028B7DA5800DAA295 /* fi_heart_fill.png in Resources */,
				04B21E9928BA773200758B03 /* download_remove.png in Resources */,
				043DFB1428BB38A4003CD6C0 /* fi_download.png in Resources */,
				04B21E9E28BA7BC300758B03 /* trash.png in Resources */,
				042C6007293E05DB00945B18 /* ic_more.png in Resources */,
				04BC25AD2870B018007ECAEE /* chevron_down.png in Resources */,
				040509052916186600A956C7 /* disable_ads.html in Resources */,
				04ECD18E28B7DA5800DAA295 /* fi_heart.png in Resources */,
				04A081122871525200FFAFBF /* demo-bg.jpeg in Resources */,
				049F879A2916B875008D4456 /* ic_next.png in Resources */,
				043DFB1628BB3905003CD6C0 /* download-icon.png in Resources */,
				04B21E9A28BA773200758B03 /* download.png in Resources */,
				04B360E928B68CF1005ADBA1 /* video_play.png in Resources */,
				FAC654A2283D29900086CC9D /* search.png in Resources */,
				FAC654A7283D2F770086CC9D /* notification.png in Resources */,
				041F9B9528B140D500FB4DEA /* play_filled.png in Resources */,
				04196D7A28A2C010008FA2FC /* backward_new_icon.png in Resources */,
				04196D7928A2C010008FA2FC /* audio_scrubber_dot.png in Resources */,
				04196D7028A2BD3B008FA2FC /* video_pause.png in Resources */,
				04B360E728B68431005ADBA1 /* close_button.png in Resources */,
				FAC654A0283D298B0086CC9D /* home.png in Resources */,
				04640E9C29156F3B001FA655 /* about_us.html in Resources */,
				04ECD18F28B7DA5800DAA295 /* headphones.png in Resources */,
				FA3D8EAA283BD6FA004C186E /* LaunchScreen.storyboard in Resources */,
				FAC654A5283D2F490086CC9D /* menu.png in Resources */,
				0455AC7028A903C600E41D28 /* sound_increase.png in Resources */,
				0455AC6F28A903C600E41D28 /* sound_decrease.png in Resources */,
				041F9B9828B141C000FB4DEA /* fastforward_15_seconds.png in Resources */,
				FA3D8EA7283BD6FA004C186E /* Assets.xcassets in Resources */,
				049F879829166F6D008D4456 /* ic_profile.png in Resources */,
				04196D7828A2C010008FA2FC /* forward_new_icon.png in Resources */,
				FAC6549E283D29860086CC9D /* favorite.png in Resources */,
			);
			runOnlyForDeploymentPostprocessing = 0;
		};
		FA3D8EAE283BD6FA004C186E /* Resources */ = {
			isa = PBXResourcesBuildPhase;
			buildActionMask = 2147483647;
			files = (
			);
			runOnlyForDeploymentPostprocessing = 0;
		};
		FA3D8EB8283BD6FA004C186E /* Resources */ = {
			isa = PBXResourcesBuildPhase;
			buildActionMask = 2147483647;
			files = (
			);
			runOnlyForDeploymentPostprocessing = 0;
		};
/* End PBXResourcesBuildPhase section */

/* Begin PBXShellScriptBuildPhase section */
		017F81B41799D150633C2FD2 /* [CP] Embed Pods Frameworks */ = {
			isa = PBXShellScriptBuildPhase;
			buildActionMask = 2147483647;
			files = (
			);
			inputFileListPaths = (
				"${PODS_ROOT}/Target Support Files/Pods-EpubReaderTests/Pods-EpubReaderTests-frameworks-${CONFIGURATION}-input-files.xcfilelist",
			);
			name = "[CP] Embed Pods Frameworks";
			outputFileListPaths = (
				"${PODS_ROOT}/Target Support Files/Pods-EpubReaderTests/Pods-EpubReaderTests-frameworks-${CONFIGURATION}-output-files.xcfilelist",
			);
			runOnlyForDeploymentPostprocessing = 0;
			shellPath = /bin/sh;
			shellScript = "\"${PODS_ROOT}/Target Support Files/Pods-EpubReaderTests/Pods-EpubReaderTests-frameworks.sh\"\n";
			showEnvVarsInLog = 0;
		};
		04A2E4D77F05A302D02FAE19 /* [CP] Embed Pods Frameworks */ = {
			isa = PBXShellScriptBuildPhase;
			buildActionMask = 2147483647;
			files = (
			);
			inputFileListPaths = (
				"${PODS_ROOT}/Target Support Files/Pods-EpubReader-EpubReaderUITests/Pods-EpubReader-EpubReaderUITests-frameworks-${CONFIGURATION}-input-files.xcfilelist",
			);
			name = "[CP] Embed Pods Frameworks";
			outputFileListPaths = (
				"${PODS_ROOT}/Target Support Files/Pods-EpubReader-EpubReaderUITests/Pods-EpubReader-EpubReaderUITests-frameworks-${CONFIGURATION}-output-files.xcfilelist",
			);
			runOnlyForDeploymentPostprocessing = 0;
			shellPath = /bin/sh;
			shellScript = "\"${PODS_ROOT}/Target Support Files/Pods-EpubReader-EpubReaderUITests/Pods-EpubReader-EpubReaderUITests-frameworks.sh\"\n";
			showEnvVarsInLog = 0;
		};
		63594874382BDF843FFEFB49 /* [CP] Check Pods Manifest.lock */ = {
			isa = PBXShellScriptBuildPhase;
			buildActionMask = 2147483647;
			files = (
			);
			inputFileListPaths = (
			);
			inputPaths = (
				"${PODS_PODFILE_DIR_PATH}/Podfile.lock",
				"${PODS_ROOT}/Manifest.lock",
			);
			name = "[CP] Check Pods Manifest.lock";
			outputFileListPaths = (
			);
			outputPaths = (
				"$(DERIVED_FILE_DIR)/Pods-EpubReaderTests-checkManifestLockResult.txt",
			);
			runOnlyForDeploymentPostprocessing = 0;
			shellPath = /bin/sh;
			shellScript = "diff \"${PODS_PODFILE_DIR_PATH}/Podfile.lock\" \"${PODS_ROOT}/Manifest.lock\" > /dev/null\nif [ $? != 0 ] ; then\n    # print error to STDERR\n    echo \"error: The sandbox is not in sync with the Podfile.lock. Run 'pod install' or update your CocoaPods installation.\" >&2\n    exit 1\nfi\n# This output is used by Xcode 'outputs' to avoid re-running this script phase.\necho \"SUCCESS\" > \"${SCRIPT_OUTPUT_FILE_0}\"\n";
			showEnvVarsInLog = 0;
		};
		83D629382FF5FE536AB72ABE /* [CP] Embed Pods Frameworks */ = {
			isa = PBXShellScriptBuildPhase;
			buildActionMask = 2147483647;
			files = (
			);
			inputFileListPaths = (
				"${PODS_ROOT}/Target Support Files/Pods-EpubReader/Pods-EpubReader-frameworks-${CONFIGURATION}-input-files.xcfilelist",
			);
			name = "[CP] Embed Pods Frameworks";
			outputFileListPaths = (
				"${PODS_ROOT}/Target Support Files/Pods-EpubReader/Pods-EpubReader-frameworks-${CONFIGURATION}-output-files.xcfilelist",
			);
			runOnlyForDeploymentPostprocessing = 0;
			shellPath = /bin/sh;
			shellScript = "\"${PODS_ROOT}/Target Support Files/Pods-EpubReader/Pods-EpubReader-frameworks.sh\"\n";
			showEnvVarsInLog = 0;
		};
		E94EF3A82DD63B1A473918E4 /* [CP] Check Pods Manifest.lock */ = {
			isa = PBXShellScriptBuildPhase;
			buildActionMask = 2147483647;
			files = (
			);
			inputFileListPaths = (
			);
			inputPaths = (
				"${PODS_PODFILE_DIR_PATH}/Podfile.lock",
				"${PODS_ROOT}/Manifest.lock",
			);
			name = "[CP] Check Pods Manifest.lock";
			outputFileListPaths = (
			);
			outputPaths = (
				"$(DERIVED_FILE_DIR)/Pods-EpubReader-EpubReaderUITests-checkManifestLockResult.txt",
			);
			runOnlyForDeploymentPostprocessing = 0;
			shellPath = /bin/sh;
			shellScript = "diff \"${PODS_PODFILE_DIR_PATH}/Podfile.lock\" \"${PODS_ROOT}/Manifest.lock\" > /dev/null\nif [ $? != 0 ] ; then\n    # print error to STDERR\n    echo \"error: The sandbox is not in sync with the Podfile.lock. Run 'pod install' or update your CocoaPods installation.\" >&2\n    exit 1\nfi\n# This output is used by Xcode 'outputs' to avoid re-running this script phase.\necho \"SUCCESS\" > \"${SCRIPT_OUTPUT_FILE_0}\"\n";
			showEnvVarsInLog = 0;
		};
		EA86EBC898FBD4E26CA79F5F /* [CP] Check Pods Manifest.lock */ = {
			isa = PBXShellScriptBuildPhase;
			buildActionMask = 2147483647;
			files = (
			);
			inputFileListPaths = (
			);
			inputPaths = (
				"${PODS_PODFILE_DIR_PATH}/Podfile.lock",
				"${PODS_ROOT}/Manifest.lock",
			);
			name = "[CP] Check Pods Manifest.lock";
			outputFileListPaths = (
			);
			outputPaths = (
				"$(DERIVED_FILE_DIR)/Pods-EpubReader-checkManifestLockResult.txt",
			);
			runOnlyForDeploymentPostprocessing = 0;
			shellPath = /bin/sh;
			shellScript = "diff \"${PODS_PODFILE_DIR_PATH}/Podfile.lock\" \"${PODS_ROOT}/Manifest.lock\" > /dev/null\nif [ $? != 0 ] ; then\n    # print error to STDERR\n    echo \"error: The sandbox is not in sync with the Podfile.lock. Run 'pod install' or update your CocoaPods installation.\" >&2\n    exit 1\nfi\n# This output is used by Xcode 'outputs' to avoid re-running this script phase.\necho \"SUCCESS\" > \"${SCRIPT_OUTPUT_FILE_0}\"\n";
			showEnvVarsInLog = 0;
		};
/* End PBXShellScriptBuildPhase section */

/* Begin PBXSourcesBuildPhase section */
		FA3D8E96283BD6F8004C186E /* Sources */ = {
			isa = PBXSourcesBuildPhase;
			buildActionMask = 2147483647;
			files = (
				0464017A28AC0C7D00CCAD3F /* Audio.swift in Sources */,
				041F9B8F28B11FAC00FB4DEA /* IntExtensions.swift in Sources */,
				04C79DA928E0A24400593DFD /* MenuTableViewCell.swift in Sources */,
				FA349DE6284B6490005047DC /* SkillsViewController.swift in Sources */,
				04CC80D3288DAB4700D53C0C /* FileDownloadInfo.swift in Sources */,
				0473513A29461BA2004B9A33 /* BookDownloadsViewController.swift in Sources */,
				041457A929195653008CD627 /* Utils.swift in Sources */,
				FAC51FCA283FC97B0016889F /* UIColorExtensions.swift in Sources */,
				04ECD19228B7E1AC00DAA295 /* AudioViewController.swift in Sources */,
				FAC51FC8283FC5810016889F /* AppAppearanceDesigner.swift in Sources */,
				FADA96B52868BCBB0075627C /* EpubReaderHelper.swift in Sources */,
				04C79DAB28E0C4FA00593DFD /* ProfileViewController.swift in Sources */,
				048FDBB328CC9AB70080509B /* ScienceTechnologyViewController.swift in Sources */,
				041F9B9128B13C6C00FB4DEA /* PlayerViewController.swift in Sources */,
				04196D7428A2BDC8008FA2FC /* FullScreenAudioPlayerViewController.swift in Sources */,
				048FDBB128CC9A770080509B /* CultureHistoryViewController.swift in Sources */,
				04118AE328C905EF00BE4446 /* PersistenceHelper.swift in Sources */,
				FAC01C23284FB9CB0004A0BA /* ApiWebService.swift in Sources */,
				0464618528D7075200563427 /* SignInViewController.swift in Sources */,
				FA2F8470283BE71700DF928B /* MainTabBarViewController.swift in Sources */,
				043DFB1A28BB77B7003CD6C0 /* Message.swift in Sources */,
				04F3647B2928E09700EAF994 /* MusicPlayerHelper.swift in Sources */,
				04CC80CF288DA68800D53C0C /* ItemDownloadHelper.swift in Sources */,
				FAD7401B284BCAB0005B9459 /* BookCell.swift in Sources */,
				04ECD18A28B7D2D700DAA295 /* AudioResourceCell.swift in Sources */,
				04054ABE289FB386006E71BA /* UIImage.swift in Sources */,
				FAB7F4BD284CD7CB00A16974 /* BookViewModel.swift in Sources */,
				041F9B9328B13CEC00FB4DEA /* MIniAudioPlayerView.swift in Sources */,
				043DFB1828BB75C6003CD6C0 /* Reachability.swift in Sources */,
				0427875429292F330071AEB5 /* UserDefs.swift in Sources */,
				04C79DAF28E0C6D600593DFD /* DisableAdsViewController.swift in Sources */,
				04C79DAD28E0C58400593DFD /* AboutViewController.swift in Sources */,
				0423B1B528E1FF7E00750A8E /* BookTableViewCell.swift in Sources */,
				046C0EB428A8AE44009849B5 /* UIApplicationExtension.swift in Sources */,
				04DDDCFF293C67970060E639 /* ReadingBook.swift in Sources */,
				0471FA8028B3D529009656E7 /* UIScreenExtensions.swift in Sources */,
				FAC654A9283D31D60086CC9D /* UIViewExtensions.swift in Sources */,
				04CC80D1288DA96500D53C0C /* FileHelper.swift in Sources */,
				04490EB228D61BD8004820CD /* UIFont.swift in Sources */,
				FA3D8E9E283BD6F8004C186E /* AppDelegate.swift in Sources */,
				045C43E528C7ABDB000A83E4 /* DatabaseHelper.swift in Sources */,
				0401C1F528BE7463008A686B /* AudioViewModel.swift in Sources */,
				FAC51FCC283FCE590016889F /* BaseViewController.swift in Sources */,
				FAB7F4B9284CD43800A16974 /* Book.swift in Sources */,
				FADA96B92868C6A60075627C /* Utilities.swift in Sources */,
				FA2F846D283BE6D200DF928B /* SearchViewController.swift in Sources */,
				04FA55DD286C651D00724CF9 /* BookDetailViewController.swift in Sources */,
				04CC80D5288DABA200D53C0C /* NetworkManager.swift in Sources */,
				FA9D0C3E28637D6300E667AD /* ApiError.swift in Sources */,
				04B21A3F2941EA3300499FF9 /* BannerHelper.swift in Sources */,
				FA951F42283BEBFA00013A84 /* FavoritesViewController.swift in Sources */,
				04182A66288BBB8100894854 /* LiteraryViewController.swift in Sources */,
				041457A729195216008CD627 /* SegmentedControl.swift in Sources */,
				04C9F889287053C3000991C0 /* Epub.swift in Sources */,
				04856C1728E6050C00426B6C /* User.swift in Sources */,
				FADA96B72868C4870075627C /* UIImageExtension.swift in Sources */,
				0464017828AC0B3E00CCAD3F /* AudioPlayer.swift in Sources */,
				045C43E828C7ACF7000A83E4 /* RlmDownloadedAudioPath.swift in Sources */,
				FA951F44283BEC3000013A84 /* BookmarkViewController.swift in Sources */,
				FA2F846A283BE64100DF928B /* HomeViewController.swift in Sources */,
				FA349DE8284B6503005047DC /* EconomicsViewController.swift in Sources */,
				04C79DA528E08EF000593DFD /* SideMenuViewController.swift in Sources */,
				04FA55DF286CB0E900724CF9 /* UIButtonExtension.swift in Sources */,
				04B21E9C28BA78F700758B03 /* ProgressBarView.swift in Sources */,
				04785B7328E6E456009CD72C /* UserViewModel.swift in Sources */,
				FA9D0C4028637D9900E667AD /* ApiRouter.swift in Sources */,
				FAB7F4B6284CC90800A16974 /* UIDeviceExtensions.swift in Sources */,
				048FDBB528CC9AE20080509B /* HealthViewController.swift in Sources */,
				04B21A412941EADE00499FF9 /* Banner.swift in Sources */,
				0473513C29463727004B9A33 /* AudioDownloadsViewController.swift in Sources */,
				041457A5291951D0008CD627 /* ScrollUISegmentController.swift in Sources */,
				FA9D0C3C28637B7800E667AD /* Constants.swift in Sources */,
			);
			runOnlyForDeploymentPostprocessing = 0;
		};
		FA3D8EAC283BD6FA004C186E /* Sources */ = {
			isa = PBXSourcesBuildPhase;
			buildActionMask = 2147483647;
			files = (
				FA3D8EB5283BD6FA004C186E /* EpubReaderTests.swift in Sources */,
			);
			runOnlyForDeploymentPostprocessing = 0;
		};
		FA3D8EB6283BD6FA004C186E /* Sources */ = {
			isa = PBXSourcesBuildPhase;
			buildActionMask = 2147483647;
			files = (
				FA3D8EBF283BD6FA004C186E /* EpubReaderUITests.swift in Sources */,
				FA3D8EC1283BD6FA004C186E /* EpubReaderUITestsLaunchTests.swift in Sources */,
			);
			runOnlyForDeploymentPostprocessing = 0;
		};
/* End PBXSourcesBuildPhase section */

/* Begin PBXTargetDependency section */
		FA3D8EB2283BD6FA004C186E /* PBXTargetDependency */ = {
			isa = PBXTargetDependency;
			target = FA3D8E99283BD6F8004C186E /* EpubReader */;
			targetProxy = FA3D8EB1283BD6FA004C186E /* PBXContainerItemProxy */;
		};
		FA3D8EBC283BD6FA004C186E /* PBXTargetDependency */ = {
			isa = PBXTargetDependency;
			target = FA3D8E99283BD6F8004C186E /* EpubReader */;
			targetProxy = FA3D8EBB283BD6FA004C186E /* PBXContainerItemProxy */;
		};
/* End PBXTargetDependency section */

/* Begin PBXVariantGroup section */
		FA3D8EA8283BD6FA004C186E /* LaunchScreen.storyboard */ = {
			isa = PBXVariantGroup;
			children = (
				FA3D8EA9283BD6FA004C186E /* Base */,
			);
			name = LaunchScreen.storyboard;
			sourceTree = "<group>";
		};
/* End PBXVariantGroup section */

/* Begin XCBuildConfiguration section */
		FA3D8EC2283BD6FA004C186E /* Debug */ = {
			isa = XCBuildConfiguration;
			buildSettings = {
				ALWAYS_SEARCH_USER_PATHS = NO;
				CLANG_ANALYZER_NONNULL = YES;
				CLANG_ANALYZER_NUMBER_OBJECT_CONVERSION = YES_AGGRESSIVE;
				CLANG_CXX_LANGUAGE_STANDARD = "gnu++17";
				CLANG_ENABLE_MODULES = YES;
				CLANG_ENABLE_OBJC_ARC = YES;
				CLANG_ENABLE_OBJC_WEAK = YES;
				CLANG_WARN_BLOCK_CAPTURE_AUTORELEASING = YES;
				CLANG_WARN_BOOL_CONVERSION = YES;
				CLANG_WARN_COMMA = YES;
				CLANG_WARN_CONSTANT_CONVERSION = YES;
				CLANG_WARN_DEPRECATED_OBJC_IMPLEMENTATIONS = YES;
				CLANG_WARN_DIRECT_OBJC_ISA_USAGE = YES_ERROR;
				CLANG_WARN_DOCUMENTATION_COMMENTS = YES;
				CLANG_WARN_EMPTY_BODY = YES;
				CLANG_WARN_ENUM_CONVERSION = YES;
				CLANG_WARN_INFINITE_RECURSION = YES;
				CLANG_WARN_INT_CONVERSION = YES;
				CLANG_WARN_NON_LITERAL_NULL_CONVERSION = YES;
				CLANG_WARN_OBJC_IMPLICIT_RETAIN_SELF = YES;
				CLANG_WARN_OBJC_LITERAL_CONVERSION = YES;
				CLANG_WARN_OBJC_ROOT_CLASS = YES_ERROR;
				CLANG_WARN_QUOTED_INCLUDE_IN_FRAMEWORK_HEADER = YES;
				CLANG_WARN_RANGE_LOOP_ANALYSIS = YES;
				CLANG_WARN_STRICT_PROTOTYPES = YES;
				CLANG_WARN_SUSPICIOUS_MOVE = YES;
				CLANG_WARN_UNGUARDED_AVAILABILITY = YES_AGGRESSIVE;
				CLANG_WARN_UNREACHABLE_CODE = YES;
				CLANG_WARN__DUPLICATE_METHOD_MATCH = YES;
				COPY_PHASE_STRIP = NO;
				DEBUG_INFORMATION_FORMAT = dwarf;
				ENABLE_STRICT_OBJC_MSGSEND = YES;
				ENABLE_TESTABILITY = YES;
				GCC_C_LANGUAGE_STANDARD = gnu11;
				GCC_DYNAMIC_NO_PIC = NO;
				GCC_NO_COMMON_BLOCKS = YES;
				GCC_OPTIMIZATION_LEVEL = 0;
				GCC_PREPROCESSOR_DEFINITIONS = (
					"DEBUG=1",
					"$(inherited)",
				);
				GCC_WARN_64_TO_32_BIT_CONVERSION = YES;
				GCC_WARN_ABOUT_RETURN_TYPE = YES_ERROR;
				GCC_WARN_UNDECLARED_SELECTOR = YES;
				GCC_WARN_UNINITIALIZED_AUTOS = YES_AGGRESSIVE;
				GCC_WARN_UNUSED_FUNCTION = YES;
				GCC_WARN_UNUSED_VARIABLE = YES;
				IPHONEOS_DEPLOYMENT_TARGET = 15.5;
				MTL_ENABLE_DEBUG_INFO = INCLUDE_SOURCE;
				MTL_FAST_MATH = YES;
				ONLY_ACTIVE_ARCH = YES;
				SDKROOT = iphoneos;
				SWIFT_ACTIVE_COMPILATION_CONDITIONS = DEBUG;
				SWIFT_OPTIMIZATION_LEVEL = "-Onone";
			};
			name = Debug;
		};
		FA3D8EC3283BD6FA004C186E /* Release */ = {
			isa = XCBuildConfiguration;
			buildSettings = {
				ALWAYS_SEARCH_USER_PATHS = NO;
				CLANG_ANALYZER_NONNULL = YES;
				CLANG_ANALYZER_NUMBER_OBJECT_CONVERSION = YES_AGGRESSIVE;
				CLANG_CXX_LANGUAGE_STANDARD = "gnu++17";
				CLANG_ENABLE_MODULES = YES;
				CLANG_ENABLE_OBJC_ARC = YES;
				CLANG_ENABLE_OBJC_WEAK = YES;
				CLANG_WARN_BLOCK_CAPTURE_AUTORELEASING = YES;
				CLANG_WARN_BOOL_CONVERSION = YES;
				CLANG_WARN_COMMA = YES;
				CLANG_WARN_CONSTANT_CONVERSION = YES;
				CLANG_WARN_DEPRECATED_OBJC_IMPLEMENTATIONS = YES;
				CLANG_WARN_DIRECT_OBJC_ISA_USAGE = YES_ERROR;
				CLANG_WARN_DOCUMENTATION_COMMENTS = YES;
				CLANG_WARN_EMPTY_BODY = YES;
				CLANG_WARN_ENUM_CONVERSION = YES;
				CLANG_WARN_INFINITE_RECURSION = YES;
				CLANG_WARN_INT_CONVERSION = YES;
				CLANG_WARN_NON_LITERAL_NULL_CONVERSION = YES;
				CLANG_WARN_OBJC_IMPLICIT_RETAIN_SELF = YES;
				CLANG_WARN_OBJC_LITERAL_CONVERSION = YES;
				CLANG_WARN_OBJC_ROOT_CLASS = YES_ERROR;
				CLANG_WARN_QUOTED_INCLUDE_IN_FRAMEWORK_HEADER = YES;
				CLANG_WARN_RANGE_LOOP_ANALYSIS = YES;
				CLANG_WARN_STRICT_PROTOTYPES = YES;
				CLANG_WARN_SUSPICIOUS_MOVE = YES;
				CLANG_WARN_UNGUARDED_AVAILABILITY = YES_AGGRESSIVE;
				CLANG_WARN_UNREACHABLE_CODE = YES;
				CLANG_WARN__DUPLICATE_METHOD_MATCH = YES;
				COPY_PHASE_STRIP = NO;
				DEBUG_INFORMATION_FORMAT = "dwarf-with-dsym";
				ENABLE_NS_ASSERTIONS = NO;
				ENABLE_STRICT_OBJC_MSGSEND = YES;
				GCC_C_LANGUAGE_STANDARD = gnu11;
				GCC_NO_COMMON_BLOCKS = YES;
				GCC_WARN_64_TO_32_BIT_CONVERSION = YES;
				GCC_WARN_ABOUT_RETURN_TYPE = YES_ERROR;
				GCC_WARN_UNDECLARED_SELECTOR = YES;
				GCC_WARN_UNINITIALIZED_AUTOS = YES_AGGRESSIVE;
				GCC_WARN_UNUSED_FUNCTION = YES;
				GCC_WARN_UNUSED_VARIABLE = YES;
				IPHONEOS_DEPLOYMENT_TARGET = 15.5;
				MTL_ENABLE_DEBUG_INFO = NO;
				MTL_FAST_MATH = YES;
				SDKROOT = iphoneos;
				SWIFT_COMPILATION_MODE = wholemodule;
				SWIFT_OPTIMIZATION_LEVEL = "-O";
				VALIDATE_PRODUCT = YES;
			};
			name = Release;
		};
		FA3D8EC5283BD6FA004C186E /* Debug */ = {
			isa = XCBuildConfiguration;
			baseConfigurationReference = 4C4E9414DA186C53B11F2B0E /* Pods-EpubReader.debug.xcconfig */;
			buildSettings = {
				ASSETCATALOG_COMPILER_APPICON_NAME = AppIcon;
				ASSETCATALOG_COMPILER_GLOBAL_ACCENT_COLOR_NAME = AccentColor;
				CODE_SIGN_STYLE = Automatic;
				CURRENT_PROJECT_VERSION = 1;
				DEVELOPMENT_TEAM = "";
				GENERATE_INFOPLIST_FILE = YES;
				INFOPLIST_FILE = EpubReader/Info.plist;
				INFOPLIST_KEY_NSLocalNetworkUsageDescription = "Access to your network allows app to discover and connect to devices such as your iPhone, iPad";
				INFOPLIST_KEY_UIApplicationSupportsIndirectInputEvents = YES;
				INFOPLIST_KEY_UILaunchStoryboardName = LaunchScreen;
				INFOPLIST_KEY_UISupportedInterfaceOrientations_iPad = "UIInterfaceOrientationPortrait UIInterfaceOrientationPortraitUpsideDown UIInterfaceOrientationLandscapeLeft UIInterfaceOrientationLandscapeRight";
				INFOPLIST_KEY_UISupportedInterfaceOrientations_iPhone = "UIInterfaceOrientationPortrait UIInterfaceOrientationLandscapeLeft UIInterfaceOrientationLandscapeRight";
				IPHONEOS_DEPLOYMENT_TARGET = 12.0;
				LD_RUNPATH_SEARCH_PATHS = (
					"$(inherited)",
					"@executable_path/Frameworks",
				);
				MARKETING_VERSION = 1.0;
				PRODUCT_BUNDLE_IDENTIFIER = "Minh-Dev.EpubReader";
				PRODUCT_NAME = "$(TARGET_NAME)";
				SWIFT_EMIT_LOC_STRINGS = YES;
				SWIFT_VERSION = 5.0;
				TARGETED_DEVICE_FAMILY = "1,2";
			};
			name = Debug;
		};
		FA3D8EC6283BD6FA004C186E /* Release */ = {
			isa = XCBuildConfiguration;
			baseConfigurationReference = 83179630B3BEE9E4569A32D2 /* Pods-EpubReader.release.xcconfig */;
			buildSettings = {
				ASSETCATALOG_COMPILER_APPICON_NAME = AppIcon;
				ASSETCATALOG_COMPILER_GLOBAL_ACCENT_COLOR_NAME = AccentColor;
				CODE_SIGN_STYLE = Automatic;
				CURRENT_PROJECT_VERSION = 1;
				DEVELOPMENT_TEAM = "";
				GENERATE_INFOPLIST_FILE = YES;
				INFOPLIST_FILE = EpubReader/Info.plist;
				INFOPLIST_KEY_NSLocalNetworkUsageDescription = "Access to your network allows app to discover and connect to devices such as your iPhone, iPad";
				INFOPLIST_KEY_UIApplicationSupportsIndirectInputEvents = YES;
				INFOPLIST_KEY_UILaunchStoryboardName = LaunchScreen;
				INFOPLIST_KEY_UISupportedInterfaceOrientations_iPad = "UIInterfaceOrientationPortrait UIInterfaceOrientationPortraitUpsideDown UIInterfaceOrientationLandscapeLeft UIInterfaceOrientationLandscapeRight";
				INFOPLIST_KEY_UISupportedInterfaceOrientations_iPhone = "UIInterfaceOrientationPortrait UIInterfaceOrientationLandscapeLeft UIInterfaceOrientationLandscapeRight";
				IPHONEOS_DEPLOYMENT_TARGET = 12.0;
				LD_RUNPATH_SEARCH_PATHS = (
					"$(inherited)",
					"@executable_path/Frameworks",
				);
				MARKETING_VERSION = 1.0;
				PRODUCT_BUNDLE_IDENTIFIER = "Minh-Dev.EpubReader";
				PRODUCT_NAME = "$(TARGET_NAME)";
				SWIFT_EMIT_LOC_STRINGS = YES;
				SWIFT_VERSION = 5.0;
				TARGETED_DEVICE_FAMILY = "1,2";
			};
			name = Release;
		};
		FA3D8EC8283BD6FA004C186E /* Debug */ = {
			isa = XCBuildConfiguration;
			baseConfigurationReference = BC84F7CEB4E236C762B68090 /* Pods-EpubReaderTests.debug.xcconfig */;
			buildSettings = {
				ALWAYS_EMBED_SWIFT_STANDARD_LIBRARIES = YES;
				BUNDLE_LOADER = "$(TEST_HOST)";
				CODE_SIGN_STYLE = Automatic;
				CURRENT_PROJECT_VERSION = 1;
				DEVELOPMENT_TEAM = 53AS9QTB4M;
				GENERATE_INFOPLIST_FILE = YES;
				IPHONEOS_DEPLOYMENT_TARGET = 15.5;
				MARKETING_VERSION = 1.0;
				PRODUCT_BUNDLE_IDENTIFIER = "Minh-Dev.EpubReaderTests";
				PRODUCT_NAME = "$(TARGET_NAME)";
				SWIFT_EMIT_LOC_STRINGS = NO;
				SWIFT_VERSION = 5.0;
				TARGETED_DEVICE_FAMILY = "1,2";
				TEST_HOST = "$(BUILT_PRODUCTS_DIR)/EpubReader.app/EpubReader";
			};
			name = Debug;
		};
		FA3D8EC9283BD6FA004C186E /* Release */ = {
			isa = XCBuildConfiguration;
			baseConfigurationReference = 2B4D4E10F66837167C0BBBC7 /* Pods-EpubReaderTests.release.xcconfig */;
			buildSettings = {
				ALWAYS_EMBED_SWIFT_STANDARD_LIBRARIES = YES;
				BUNDLE_LOADER = "$(TEST_HOST)";
				CODE_SIGN_STYLE = Automatic;
				CURRENT_PROJECT_VERSION = 1;
				DEVELOPMENT_TEAM = 53AS9QTB4M;
				GENERATE_INFOPLIST_FILE = YES;
				IPHONEOS_DEPLOYMENT_TARGET = 15.5;
				MARKETING_VERSION = 1.0;
				PRODUCT_BUNDLE_IDENTIFIER = "Minh-Dev.EpubReaderTests";
				PRODUCT_NAME = "$(TARGET_NAME)";
				SWIFT_EMIT_LOC_STRINGS = NO;
				SWIFT_VERSION = 5.0;
				TARGETED_DEVICE_FAMILY = "1,2";
				TEST_HOST = "$(BUILT_PRODUCTS_DIR)/EpubReader.app/EpubReader";
			};
			name = Release;
		};
		FA3D8ECB283BD6FA004C186E /* Debug */ = {
			isa = XCBuildConfiguration;
			baseConfigurationReference = 5C65CC6E35E3A9A949E0AF5F /* Pods-EpubReader-EpubReaderUITests.debug.xcconfig */;
			buildSettings = {
				ALWAYS_EMBED_SWIFT_STANDARD_LIBRARIES = YES;
				CODE_SIGN_STYLE = Automatic;
				CURRENT_PROJECT_VERSION = 1;
				DEVELOPMENT_TEAM = 53AS9QTB4M;
				GENERATE_INFOPLIST_FILE = YES;
				MARKETING_VERSION = 1.0;
				PRODUCT_BUNDLE_IDENTIFIER = "Minh-Dev.EpubReaderUITests";
				PRODUCT_NAME = "$(TARGET_NAME)";
				SWIFT_EMIT_LOC_STRINGS = NO;
				SWIFT_VERSION = 5.0;
				TARGETED_DEVICE_FAMILY = "1,2";
				TEST_TARGET_NAME = EpubReader;
			};
			name = Debug;
		};
		FA3D8ECC283BD6FA004C186E /* Release */ = {
			isa = XCBuildConfiguration;
			baseConfigurationReference = 1ACAA9E66AE1AE9938FCFA67 /* Pods-EpubReader-EpubReaderUITests.release.xcconfig */;
			buildSettings = {
				ALWAYS_EMBED_SWIFT_STANDARD_LIBRARIES = YES;
				CODE_SIGN_STYLE = Automatic;
				CURRENT_PROJECT_VERSION = 1;
				DEVELOPMENT_TEAM = 53AS9QTB4M;
				GENERATE_INFOPLIST_FILE = YES;
				MARKETING_VERSION = 1.0;
				PRODUCT_BUNDLE_IDENTIFIER = "Minh-Dev.EpubReaderUITests";
				PRODUCT_NAME = "$(TARGET_NAME)";
				SWIFT_EMIT_LOC_STRINGS = NO;
				SWIFT_VERSION = 5.0;
				TARGETED_DEVICE_FAMILY = "1,2";
				TEST_TARGET_NAME = EpubReader;
			};
			name = Release;
		};
/* End XCBuildConfiguration section */

/* Begin XCConfigurationList section */
		FA3D8E95283BD6F8004C186E /* Build configuration list for PBXProject "EpubReader" */ = {
			isa = XCConfigurationList;
			buildConfigurations = (
				FA3D8EC2283BD6FA004C186E /* Debug */,
				FA3D8EC3283BD6FA004C186E /* Release */,
			);
			defaultConfigurationIsVisible = 0;
			defaultConfigurationName = Release;
		};
		FA3D8EC4283BD6FA004C186E /* Build configuration list for PBXNativeTarget "EpubReader" */ = {
			isa = XCConfigurationList;
			buildConfigurations = (
				FA3D8EC5283BD6FA004C186E /* Debug */,
				FA3D8EC6283BD6FA004C186E /* Release */,
			);
			defaultConfigurationIsVisible = 0;
			defaultConfigurationName = Release;
		};
		FA3D8EC7283BD6FA004C186E /* Build configuration list for PBXNativeTarget "EpubReaderTests" */ = {
			isa = XCConfigurationList;
			buildConfigurations = (
				FA3D8EC8283BD6FA004C186E /* Debug */,
				FA3D8EC9283BD6FA004C186E /* Release */,
			);
			defaultConfigurationIsVisible = 0;
			defaultConfigurationName = Release;
		};
		FA3D8ECA283BD6FA004C186E /* Build configuration list for PBXNativeTarget "EpubReaderUITests" */ = {
			isa = XCConfigurationList;
			buildConfigurations = (
				FA3D8ECB283BD6FA004C186E /* Debug */,
				FA3D8ECC283BD6FA004C186E /* Release */,
			);
			defaultConfigurationIsVisible = 0;
			defaultConfigurationName = Release;
		};
/* End XCConfigurationList section */
	};
	rootObject = FA3D8E92283BD6F8004C186E /* Project object */;
}
